
Microsoft Visual Studio Solution File, Format Version 12.00
# Visual Studio 15
VisualStudioVersion = 15.0.27428.2027
MinimumVisualStudioVersion = 10.0.40219.1
Project("{FAE04EC0-301F-11D3-BF4B-00C04F79EFBC}") = "Colin.Lottery.MacApp", "Colin.Lottery.MacApp\Colin.Lottery.MacApp.csproj", "{2AD852E6-1669-4782-BDCC-9308DD30AFB5}"
EndProject
Project("{FAE04EC0-301F-11D3-BF4B-00C04F79EFBC}") = "Colin.Lottery.WindowsApp", "Colin.Lottery.WindowsApp\Colin.Lottery.WindowsApp.csproj", "{EF201858-AC2D-4F68-A5E0-E9CDE75DCCA3}"
EndProject
Project("{2150E333-8FDC-42A3-9474-1A3956D46DE8}") = "1.ClientApps", "1.ClientApps", "{9E136313-2C58-448E-91EE-405E44334C81}"
EndProject
Project("{2150E333-8FDC-42A3-9474-1A3956D46DE8}") = "3.Analyzers", "3.Analyzers", "{6578B392-6C45-4229-947D-56D2C93DA77B}"
EndProject
Project("{2150E333-8FDC-42A3-9474-1A3956D46DE8}") = "4.Collectors", "4.Collectors", "{B6EF841A-8937-4732-8891-82E3816F421F}"
EndProject
Project("{2150E333-8FDC-42A3-9474-1A3956D46DE8}") = "2.AutomationServices", "2.AutomationServices", "{5C81D99D-2FC2-484B-AD94-87347909FC33}"
EndProject
Project("{2150E333-8FDC-42A3-9474-1A3956D46DE8}") = "5.Infrastructure", "5.Infrastructure", "{24FFDED7-DE03-48F5-9DE5-BE378CFC33CF}"
EndProject
Project("{FAE04EC0-301F-11D3-BF4B-00C04F79EFBC}") = "Colin.Lottery.Common", "Colin.Lottery.Common\Colin.Lottery.Common.csproj", "{7077B4CA-714D-476F-8574-15022951089D}"
EndProject
Project("{FAE04EC0-301F-11D3-BF4B-00C04F79EFBC}") = "Colin.Lottery.Utils", "Colin.Lottery.Utils\Colin.Lottery.Utils.csproj", "{150DDAF4-8BD6-4880-97EE-D45FEDA41645}"
EndProject
Project("{FAE04EC0-301F-11D3-BF4B-00C04F79EFBC}") = "Colin.Lottery.Models", "Colin.Lottery.Models\Colin.Lottery.Models.csproj", "{94CB1224-EA78-4856-A262-4CB9909CF7E2}"
EndProject
Project("{FAE04EC0-301F-11D3-BF4B-00C04F79EFBC}") = "Colin.Lottery.Collectors", "Colin.Lottery.Collectors\Colin.Lottery.Collectors.csproj", "{B8C82C0F-BCC4-4A80-B3D8-89E640BD3F79}"
EndProject
Project("{FAE04EC0-301F-11D3-BF4B-00C04F79EFBC}") = "Colin.Lottery.Collectors.Test", "Colin.Lottery.Collectors.Test\Colin.Lottery.Collectors.Test.csproj", "{16894FF4-1B3E-4946-8EEE-92FB82DB10D6}"
EndProject
Project("{FAE04EC0-301F-11D3-BF4B-00C04F79EFBC}") = "Colin.Lottery.Analyzers", "Colin.Lottery.Analyzers\Colin.Lottery.Analyzers.csproj", "{36591B4F-80CC-4FC8-933A-45FE3D592A98}"
EndProject
Project("{FAE04EC0-301F-11D3-BF4B-00C04F79EFBC}") = "Colin.Lottery.Analyzers.Test", "Colin.Lottery.Analyzers.Test\Colin.Lottery.Analyzers.Test.csproj", "{3F18B8A1-9DB4-4667-AD51-A8F457EE66EC}"
EndProject
Project("{FAE04EC0-301F-11D3-BF4B-00C04F79EFBC}") = "Colin.Lottery.WebApp", "Colin.Lottery.WebApp\Colin.Lottery.WebApp.csproj", "{EEFB1ABC-66D7-4245-A27F-5292646B9ED7}"
EndProject
Project("{FAE04EC0-301F-11D3-BF4B-00C04F79EFBC}") = "Colin.Lottery.AutoBetService", "Colin.Lottery.AutoBetService\Colin.Lottery.AutoBetService.csproj", "{149C2B01-55C3-4DC7-942F-3DCE333D03C7}"
EndProject
Project("{FAE04EC0-301F-11D3-BF4B-00C04F79EFBC}") = "Colin.Lottery.SampleBetService", "Colin.Lottery.SampleBetService\Colin.Lottery.SampleBetService.csproj", "{04CF939B-1BD1-44B0-A83F-41E14F8C3923}"
EndProject
Global
	GlobalSection(SolutionConfigurationPlatforms) = preSolution
		Debug|Any CPU = Debug|Any CPU
		Debug|ARM = Debug|ARM
		Debug|iPhone = Debug|iPhone
		Debug|iPhoneSimulator = Debug|iPhoneSimulator
		Debug|x64 = Debug|x64
		Debug|x86 = Debug|x86
		Release|Any CPU = Release|Any CPU
		Release|ARM = Release|ARM
		Release|iPhone = Release|iPhone
		Release|iPhoneSimulator = Release|iPhoneSimulator
		Release|x64 = Release|x64
		Release|x86 = Release|x86
	EndGlobalSection
	GlobalSection(ProjectConfigurationPlatforms) = postSolution
		{2AD852E6-1669-4782-BDCC-9308DD30AFB5}.Debug|Any CPU.ActiveCfg = Debug|Any CPU
		{2AD852E6-1669-4782-BDCC-9308DD30AFB5}.Debug|Any CPU.Build.0 = Debug|Any CPU
		{2AD852E6-1669-4782-BDCC-9308DD30AFB5}.Debug|ARM.ActiveCfg = Debug|Any CPU
		{2AD852E6-1669-4782-BDCC-9308DD30AFB5}.Debug|iPhone.ActiveCfg = Debug|Any CPU
		{2AD852E6-1669-4782-BDCC-9308DD30AFB5}.Debug|iPhone.Build.0 = Debug|Any CPU
		{2AD852E6-1669-4782-BDCC-9308DD30AFB5}.Debug|iPhoneSimulator.ActiveCfg = Debug|Any CPU
		{2AD852E6-1669-4782-BDCC-9308DD30AFB5}.Debug|iPhoneSimulator.Build.0 = Debug|Any CPU
		{2AD852E6-1669-4782-BDCC-9308DD30AFB5}.Debug|x64.ActiveCfg = Debug|Any CPU
		{2AD852E6-1669-4782-BDCC-9308DD30AFB5}.Debug|x86.ActiveCfg = Debug|Any CPU
		{2AD852E6-1669-4782-BDCC-9308DD30AFB5}.Release|Any CPU.ActiveCfg = Release|Any CPU
		{2AD852E6-1669-4782-BDCC-9308DD30AFB5}.Release|Any CPU.Build.0 = Release|Any CPU
		{2AD852E6-1669-4782-BDCC-9308DD30AFB5}.Release|ARM.ActiveCfg = Release|Any CPU
		{2AD852E6-1669-4782-BDCC-9308DD30AFB5}.Release|iPhone.ActiveCfg = Release|Any CPU
		{2AD852E6-1669-4782-BDCC-9308DD30AFB5}.Release|iPhone.Build.0 = Release|Any CPU
		{2AD852E6-1669-4782-BDCC-9308DD30AFB5}.Release|iPhoneSimulator.ActiveCfg = Release|Any CPU
		{2AD852E6-1669-4782-BDCC-9308DD30AFB5}.Release|iPhoneSimulator.Build.0 = Release|Any CPU
		{2AD852E6-1669-4782-BDCC-9308DD30AFB5}.Release|x64.ActiveCfg = Release|Any CPU
		{2AD852E6-1669-4782-BDCC-9308DD30AFB5}.Release|x86.ActiveCfg = Release|Any CPU
		{EF201858-AC2D-4F68-A5E0-E9CDE75DCCA3}.Debug|Any CPU.ActiveCfg = Debug|x86
		{EF201858-AC2D-4F68-A5E0-E9CDE75DCCA3}.Debug|ARM.ActiveCfg = Debug|ARM
		{EF201858-AC2D-4F68-A5E0-E9CDE75DCCA3}.Debug|ARM.Build.0 = Debug|ARM
		{EF201858-AC2D-4F68-A5E0-E9CDE75DCCA3}.Debug|ARM.Deploy.0 = Debug|ARM
		{EF201858-AC2D-4F68-A5E0-E9CDE75DCCA3}.Debug|iPhone.ActiveCfg = Debug|x86
		{EF201858-AC2D-4F68-A5E0-E9CDE75DCCA3}.Debug|iPhoneSimulator.ActiveCfg = Debug|x86
		{EF201858-AC2D-4F68-A5E0-E9CDE75DCCA3}.Debug|x64.ActiveCfg = Debug|x64
		{EF201858-AC2D-4F68-A5E0-E9CDE75DCCA3}.Debug|x64.Build.0 = Debug|x64
		{EF201858-AC2D-4F68-A5E0-E9CDE75DCCA3}.Debug|x64.Deploy.0 = Debug|x64
		{EF201858-AC2D-4F68-A5E0-E9CDE75DCCA3}.Debug|x86.ActiveCfg = Debug|x86
		{EF201858-AC2D-4F68-A5E0-E9CDE75DCCA3}.Debug|x86.Build.0 = Debug|x86
		{EF201858-AC2D-4F68-A5E0-E9CDE75DCCA3}.Debug|x86.Deploy.0 = Debug|x86
		{EF201858-AC2D-4F68-A5E0-E9CDE75DCCA3}.Release|Any CPU.ActiveCfg = Release|x86
		{EF201858-AC2D-4F68-A5E0-E9CDE75DCCA3}.Release|ARM.ActiveCfg = Release|ARM
		{EF201858-AC2D-4F68-A5E0-E9CDE75DCCA3}.Release|ARM.Build.0 = Release|ARM
		{EF201858-AC2D-4F68-A5E0-E9CDE75DCCA3}.Release|ARM.Deploy.0 = Release|ARM
		{EF201858-AC2D-4F68-A5E0-E9CDE75DCCA3}.Release|iPhone.ActiveCfg = Release|x86
		{EF201858-AC2D-4F68-A5E0-E9CDE75DCCA3}.Release|iPhoneSimulator.ActiveCfg = Release|x86
		{EF201858-AC2D-4F68-A5E0-E9CDE75DCCA3}.Release|x64.ActiveCfg = Release|x64
		{EF201858-AC2D-4F68-A5E0-E9CDE75DCCA3}.Release|x64.Build.0 = Release|x64
		{EF201858-AC2D-4F68-A5E0-E9CDE75DCCA3}.Release|x64.Deploy.0 = Release|x64
		{EF201858-AC2D-4F68-A5E0-E9CDE75DCCA3}.Release|x86.ActiveCfg = Release|x86
		{EF201858-AC2D-4F68-A5E0-E9CDE75DCCA3}.Release|x86.Build.0 = Release|x86
		{EF201858-AC2D-4F68-A5E0-E9CDE75DCCA3}.Release|x86.Deploy.0 = Release|x86
		{7077B4CA-714D-476F-8574-15022951089D}.Debug|Any CPU.ActiveCfg = Debug|Any CPU
		{7077B4CA-714D-476F-8574-15022951089D}.Debug|Any CPU.Build.0 = Debug|Any CPU
		{7077B4CA-714D-476F-8574-15022951089D}.Debug|ARM.ActiveCfg = Debug|Any CPU
		{7077B4CA-714D-476F-8574-15022951089D}.Debug|ARM.Build.0 = Debug|Any CPU
		{7077B4CA-714D-476F-8574-15022951089D}.Debug|iPhone.ActiveCfg = Debug|Any CPU
		{7077B4CA-714D-476F-8574-15022951089D}.Debug|iPhone.Build.0 = Debug|Any CPU
		{7077B4CA-714D-476F-8574-15022951089D}.Debug|iPhoneSimulator.ActiveCfg = Debug|Any CPU
		{7077B4CA-714D-476F-8574-15022951089D}.Debug|iPhoneSimulator.Build.0 = Debug|Any CPU
		{7077B4CA-714D-476F-8574-15022951089D}.Debug|x64.ActiveCfg = Debug|Any CPU
		{7077B4CA-714D-476F-8574-15022951089D}.Debug|x64.Build.0 = Debug|Any CPU
		{7077B4CA-714D-476F-8574-15022951089D}.Debug|x86.ActiveCfg = Debug|Any CPU
		{7077B4CA-714D-476F-8574-15022951089D}.Debug|x86.Build.0 = Debug|Any CPU
		{7077B4CA-714D-476F-8574-15022951089D}.Release|Any CPU.ActiveCfg = Release|Any CPU
		{7077B4CA-714D-476F-8574-15022951089D}.Release|Any CPU.Build.0 = Release|Any CPU
		{7077B4CA-714D-476F-8574-15022951089D}.Release|ARM.ActiveCfg = Release|Any CPU
		{7077B4CA-714D-476F-8574-15022951089D}.Release|ARM.Build.0 = Release|Any CPU
		{7077B4CA-714D-476F-8574-15022951089D}.Release|iPhone.ActiveCfg = Release|Any CPU
		{7077B4CA-714D-476F-8574-15022951089D}.Release|iPhone.Build.0 = Release|Any CPU
		{7077B4CA-714D-476F-8574-15022951089D}.Release|iPhoneSimulator.ActiveCfg = Release|Any CPU
		{7077B4CA-714D-476F-8574-15022951089D}.Release|iPhoneSimulator.Build.0 = Release|Any CPU
		{7077B4CA-714D-476F-8574-15022951089D}.Release|x64.ActiveCfg = Release|Any CPU
		{7077B4CA-714D-476F-8574-15022951089D}.Release|x64.Build.0 = Release|Any CPU
		{7077B4CA-714D-476F-8574-15022951089D}.Release|x86.ActiveCfg = Release|Any CPU
		{7077B4CA-714D-476F-8574-15022951089D}.Release|x86.Build.0 = Release|Any CPU
		{150DDAF4-8BD6-4880-97EE-D45FEDA41645}.Debug|Any CPU.ActiveCfg = Debug|Any CPU
		{150DDAF4-8BD6-4880-97EE-D45FEDA41645}.Debug|Any CPU.Build.0 = Debug|Any CPU
		{150DDAF4-8BD6-4880-97EE-D45FEDA41645}.Debug|ARM.ActiveCfg = Debug|Any CPU
		{150DDAF4-8BD6-4880-97EE-D45FEDA41645}.Debug|ARM.Build.0 = Debug|Any CPU
		{150DDAF4-8BD6-4880-97EE-D45FEDA41645}.Debug|iPhone.ActiveCfg = Debug|Any CPU
		{150DDAF4-8BD6-4880-97EE-D45FEDA41645}.Debug|iPhone.Build.0 = Debug|Any CPU
		{150DDAF4-8BD6-4880-97EE-D45FEDA41645}.Debug|iPhoneSimulator.ActiveCfg = Debug|Any CPU
		{150DDAF4-8BD6-4880-97EE-D45FEDA41645}.Debug|iPhoneSimulator.Build.0 = Debug|Any CPU
		{150DDAF4-8BD6-4880-97EE-D45FEDA41645}.Debug|x64.ActiveCfg = Debug|Any CPU
		{150DDAF4-8BD6-4880-97EE-D45FEDA41645}.Debug|x64.Build.0 = Debug|Any CPU
		{150DDAF4-8BD6-4880-97EE-D45FEDA41645}.Debug|x86.ActiveCfg = Debug|Any CPU
		{150DDAF4-8BD6-4880-97EE-D45FEDA41645}.Debug|x86.Build.0 = Debug|Any CPU
		{150DDAF4-8BD6-4880-97EE-D45FEDA41645}.Release|Any CPU.ActiveCfg = Release|Any CPU
		{150DDAF4-8BD6-4880-97EE-D45FEDA41645}.Release|Any CPU.Build.0 = Release|Any CPU
		{150DDAF4-8BD6-4880-97EE-D45FEDA41645}.Release|ARM.ActiveCfg = Release|Any CPU
		{150DDAF4-8BD6-4880-97EE-D45FEDA41645}.Release|ARM.Build.0 = Release|Any CPU
		{150DDAF4-8BD6-4880-97EE-D45FEDA41645}.Release|iPhone.ActiveCfg = Release|Any CPU
		{150DDAF4-8BD6-4880-97EE-D45FEDA41645}.Release|iPhone.Build.0 = Release|Any CPU
		{150DDAF4-8BD6-4880-97EE-D45FEDA41645}.Release|iPhoneSimulator.ActiveCfg = Release|Any CPU
		{150DDAF4-8BD6-4880-97EE-D45FEDA41645}.Release|iPhoneSimulator.Build.0 = Release|Any CPU
		{150DDAF4-8BD6-4880-97EE-D45FEDA41645}.Release|x64.ActiveCfg = Release|Any CPU
		{150DDAF4-8BD6-4880-97EE-D45FEDA41645}.Release|x64.Build.0 = Release|Any CPU
		{150DDAF4-8BD6-4880-97EE-D45FEDA41645}.Release|x86.ActiveCfg = Release|Any CPU
		{150DDAF4-8BD6-4880-97EE-D45FEDA41645}.Release|x86.Build.0 = Release|Any CPU
		{94CB1224-EA78-4856-A262-4CB9909CF7E2}.Debug|Any CPU.ActiveCfg = Debug|Any CPU
		{94CB1224-EA78-4856-A262-4CB9909CF7E2}.Debug|Any CPU.Build.0 = Debug|Any CPU
		{94CB1224-EA78-4856-A262-4CB9909CF7E2}.Debug|ARM.ActiveCfg = Debug|Any CPU
		{94CB1224-EA78-4856-A262-4CB9909CF7E2}.Debug|ARM.Build.0 = Debug|Any CPU
		{94CB1224-EA78-4856-A262-4CB9909CF7E2}.Debug|iPhone.ActiveCfg = Debug|Any CPU
		{94CB1224-EA78-4856-A262-4CB9909CF7E2}.Debug|iPhone.Build.0 = Debug|Any CPU
		{94CB1224-EA78-4856-A262-4CB9909CF7E2}.Debug|iPhoneSimulator.ActiveCfg = Debug|Any CPU
		{94CB1224-EA78-4856-A262-4CB9909CF7E2}.Debug|iPhoneSimulator.Build.0 = Debug|Any CPU
		{94CB1224-EA78-4856-A262-4CB9909CF7E2}.Debug|x64.ActiveCfg = Debug|Any CPU
		{94CB1224-EA78-4856-A262-4CB9909CF7E2}.Debug|x64.Build.0 = Debug|Any CPU
		{94CB1224-EA78-4856-A262-4CB9909CF7E2}.Debug|x86.ActiveCfg = Debug|Any CPU
		{94CB1224-EA78-4856-A262-4CB9909CF7E2}.Debug|x86.Build.0 = Debug|Any CPU
		{94CB1224-EA78-4856-A262-4CB9909CF7E2}.Release|Any CPU.ActiveCfg = Release|Any CPU
		{94CB1224-EA78-4856-A262-4CB9909CF7E2}.Release|Any CPU.Build.0 = Release|Any CPU
		{94CB1224-EA78-4856-A262-4CB9909CF7E2}.Release|ARM.ActiveCfg = Release|Any CPU
		{94CB1224-EA78-4856-A262-4CB9909CF7E2}.Release|ARM.Build.0 = Release|Any CPU
		{94CB1224-EA78-4856-A262-4CB9909CF7E2}.Release|iPhone.ActiveCfg = Release|Any CPU
		{94CB1224-EA78-4856-A262-4CB9909CF7E2}.Release|iPhone.Build.0 = Release|Any CPU
		{94CB1224-EA78-4856-A262-4CB9909CF7E2}.Release|iPhoneSimulator.ActiveCfg = Release|Any CPU
		{94CB1224-EA78-4856-A262-4CB9909CF7E2}.Release|iPhoneSimulator.Build.0 = Release|Any CPU
		{94CB1224-EA78-4856-A262-4CB9909CF7E2}.Release|x64.ActiveCfg = Release|Any CPU
		{94CB1224-EA78-4856-A262-4CB9909CF7E2}.Release|x64.Build.0 = Release|Any CPU
		{94CB1224-EA78-4856-A262-4CB9909CF7E2}.Release|x86.ActiveCfg = Release|Any CPU
		{94CB1224-EA78-4856-A262-4CB9909CF7E2}.Release|x86.Build.0 = Release|Any CPU
		{B8C82C0F-BCC4-4A80-B3D8-89E640BD3F79}.Debug|Any CPU.ActiveCfg = Debug|Any CPU
		{B8C82C0F-BCC4-4A80-B3D8-89E640BD3F79}.Debug|Any CPU.Build.0 = Debug|Any CPU
		{B8C82C0F-BCC4-4A80-B3D8-89E640BD3F79}.Debug|ARM.ActiveCfg = Debug|Any CPU
		{B8C82C0F-BCC4-4A80-B3D8-89E640BD3F79}.Debug|ARM.Build.0 = Debug|Any CPU
		{B8C82C0F-BCC4-4A80-B3D8-89E640BD3F79}.Debug|iPhone.ActiveCfg = Debug|Any CPU
		{B8C82C0F-BCC4-4A80-B3D8-89E640BD3F79}.Debug|iPhone.Build.0 = Debug|Any CPU
		{B8C82C0F-BCC4-4A80-B3D8-89E640BD3F79}.Debug|iPhoneSimulator.ActiveCfg = Debug|Any CPU
		{B8C82C0F-BCC4-4A80-B3D8-89E640BD3F79}.Debug|iPhoneSimulator.Build.0 = Debug|Any CPU
		{B8C82C0F-BCC4-4A80-B3D8-89E640BD3F79}.Debug|x64.ActiveCfg = Debug|Any CPU
		{B8C82C0F-BCC4-4A80-B3D8-89E640BD3F79}.Debug|x64.Build.0 = Debug|Any CPU
		{B8C82C0F-BCC4-4A80-B3D8-89E640BD3F79}.Debug|x86.ActiveCfg = Debug|Any CPU
		{B8C82C0F-BCC4-4A80-B3D8-89E640BD3F79}.Debug|x86.Build.0 = Debug|Any CPU
		{B8C82C0F-BCC4-4A80-B3D8-89E640BD3F79}.Release|Any CPU.ActiveCfg = Release|Any CPU
		{B8C82C0F-BCC4-4A80-B3D8-89E640BD3F79}.Release|Any CPU.Build.0 = Release|Any CPU
		{B8C82C0F-BCC4-4A80-B3D8-89E640BD3F79}.Release|ARM.ActiveCfg = Release|Any CPU
		{B8C82C0F-BCC4-4A80-B3D8-89E640BD3F79}.Release|ARM.Build.0 = Release|Any CPU
		{B8C82C0F-BCC4-4A80-B3D8-89E640BD3F79}.Release|iPhone.ActiveCfg = Release|Any CPU
		{B8C82C0F-BCC4-4A80-B3D8-89E640BD3F79}.Release|iPhone.Build.0 = Release|Any CPU
		{B8C82C0F-BCC4-4A80-B3D8-89E640BD3F79}.Release|iPhoneSimulator.ActiveCfg = Release|Any CPU
		{B8C82C0F-BCC4-4A80-B3D8-89E640BD3F79}.Release|iPhoneSimulator.Build.0 = Release|Any CPU
		{B8C82C0F-BCC4-4A80-B3D8-89E640BD3F79}.Release|x64.ActiveCfg = Release|Any CPU
		{B8C82C0F-BCC4-4A80-B3D8-89E640BD3F79}.Release|x64.Build.0 = Release|Any CPU
		{B8C82C0F-BCC4-4A80-B3D8-89E640BD3F79}.Release|x86.ActiveCfg = Release|Any CPU
		{B8C82C0F-BCC4-4A80-B3D8-89E640BD3F79}.Release|x86.Build.0 = Release|Any CPU
		{16894FF4-1B3E-4946-8EEE-92FB82DB10D6}.Debug|Any CPU.ActiveCfg = Debug|Any CPU
		{16894FF4-1B3E-4946-8EEE-92FB82DB10D6}.Debug|Any CPU.Build.0 = Debug|Any CPU
		{16894FF4-1B3E-4946-8EEE-92FB82DB10D6}.Debug|ARM.ActiveCfg = Debug|Any CPU
		{16894FF4-1B3E-4946-8EEE-92FB82DB10D6}.Debug|ARM.Build.0 = Debug|Any CPU
		{16894FF4-1B3E-4946-8EEE-92FB82DB10D6}.Debug|iPhone.ActiveCfg = Debug|Any CPU
		{16894FF4-1B3E-4946-8EEE-92FB82DB10D6}.Debug|iPhone.Build.0 = Debug|Any CPU
		{16894FF4-1B3E-4946-8EEE-92FB82DB10D6}.Debug|iPhoneSimulator.ActiveCfg = Debug|Any CPU
		{16894FF4-1B3E-4946-8EEE-92FB82DB10D6}.Debug|iPhoneSimulator.Build.0 = Debug|Any CPU
		{16894FF4-1B3E-4946-8EEE-92FB82DB10D6}.Debug|x64.ActiveCfg = Debug|Any CPU
		{16894FF4-1B3E-4946-8EEE-92FB82DB10D6}.Debug|x64.Build.0 = Debug|Any CPU
		{16894FF4-1B3E-4946-8EEE-92FB82DB10D6}.Debug|x86.ActiveCfg = Debug|Any CPU
		{16894FF4-1B3E-4946-8EEE-92FB82DB10D6}.Debug|x86.Build.0 = Debug|Any CPU
		{16894FF4-1B3E-4946-8EEE-92FB82DB10D6}.Release|Any CPU.ActiveCfg = Release|Any CPU
		{16894FF4-1B3E-4946-8EEE-92FB82DB10D6}.Release|Any CPU.Build.0 = Release|Any CPU
		{16894FF4-1B3E-4946-8EEE-92FB82DB10D6}.Release|ARM.ActiveCfg = Release|Any CPU
		{16894FF4-1B3E-4946-8EEE-92FB82DB10D6}.Release|ARM.Build.0 = Release|Any CPU
		{16894FF4-1B3E-4946-8EEE-92FB82DB10D6}.Release|iPhone.ActiveCfg = Release|Any CPU
		{16894FF4-1B3E-4946-8EEE-92FB82DB10D6}.Release|iPhone.Build.0 = Release|Any CPU
		{16894FF4-1B3E-4946-8EEE-92FB82DB10D6}.Release|iPhoneSimulator.ActiveCfg = Release|Any CPU
		{16894FF4-1B3E-4946-8EEE-92FB82DB10D6}.Release|iPhoneSimulator.Build.0 = Release|Any CPU
		{16894FF4-1B3E-4946-8EEE-92FB82DB10D6}.Release|x64.ActiveCfg = Release|Any CPU
		{16894FF4-1B3E-4946-8EEE-92FB82DB10D6}.Release|x64.Build.0 = Release|Any CPU
		{16894FF4-1B3E-4946-8EEE-92FB82DB10D6}.Release|x86.ActiveCfg = Release|Any CPU
		{16894FF4-1B3E-4946-8EEE-92FB82DB10D6}.Release|x86.Build.0 = Release|Any CPU
		{36591B4F-80CC-4FC8-933A-45FE3D592A98}.Debug|Any CPU.ActiveCfg = Debug|Any CPU
		{36591B4F-80CC-4FC8-933A-45FE3D592A98}.Debug|Any CPU.Build.0 = Debug|Any CPU
		{36591B4F-80CC-4FC8-933A-45FE3D592A98}.Debug|ARM.ActiveCfg = Debug|Any CPU
		{36591B4F-80CC-4FC8-933A-45FE3D592A98}.Debug|ARM.Build.0 = Debug|Any CPU
		{36591B4F-80CC-4FC8-933A-45FE3D592A98}.Debug|iPhone.ActiveCfg = Debug|Any CPU
		{36591B4F-80CC-4FC8-933A-45FE3D592A98}.Debug|iPhone.Build.0 = Debug|Any CPU
		{36591B4F-80CC-4FC8-933A-45FE3D592A98}.Debug|iPhoneSimulator.ActiveCfg = Debug|Any CPU
		{36591B4F-80CC-4FC8-933A-45FE3D592A98}.Debug|iPhoneSimulator.Build.0 = Debug|Any CPU
		{36591B4F-80CC-4FC8-933A-45FE3D592A98}.Debug|x64.ActiveCfg = Debug|Any CPU
		{36591B4F-80CC-4FC8-933A-45FE3D592A98}.Debug|x64.Build.0 = Debug|Any CPU
		{36591B4F-80CC-4FC8-933A-45FE3D592A98}.Debug|x86.ActiveCfg = Debug|Any CPU
		{36591B4F-80CC-4FC8-933A-45FE3D592A98}.Debug|x86.Build.0 = Debug|Any CPU
		{36591B4F-80CC-4FC8-933A-45FE3D592A98}.Release|Any CPU.ActiveCfg = Release|Any CPU
		{36591B4F-80CC-4FC8-933A-45FE3D592A98}.Release|Any CPU.Build.0 = Release|Any CPU
		{36591B4F-80CC-4FC8-933A-45FE3D592A98}.Release|ARM.ActiveCfg = Release|Any CPU
		{36591B4F-80CC-4FC8-933A-45FE3D592A98}.Release|ARM.Build.0 = Release|Any CPU
		{36591B4F-80CC-4FC8-933A-45FE3D592A98}.Release|iPhone.ActiveCfg = Release|Any CPU
		{36591B4F-80CC-4FC8-933A-45FE3D592A98}.Release|iPhone.Build.0 = Release|Any CPU
		{36591B4F-80CC-4FC8-933A-45FE3D592A98}.Release|iPhoneSimulator.ActiveCfg = Release|Any CPU
		{36591B4F-80CC-4FC8-933A-45FE3D592A98}.Release|iPhoneSimulator.Build.0 = Release|Any CPU
		{36591B4F-80CC-4FC8-933A-45FE3D592A98}.Release|x64.ActiveCfg = Release|Any CPU
		{36591B4F-80CC-4FC8-933A-45FE3D592A98}.Release|x64.Build.0 = Release|Any CPU
		{36591B4F-80CC-4FC8-933A-45FE3D592A98}.Release|x86.ActiveCfg = Release|Any CPU
		{36591B4F-80CC-4FC8-933A-45FE3D592A98}.Release|x86.Build.0 = Release|Any CPU
		{3F18B8A1-9DB4-4667-AD51-A8F457EE66EC}.Debug|Any CPU.ActiveCfg = Debug|Any CPU
		{3F18B8A1-9DB4-4667-AD51-A8F457EE66EC}.Debug|Any CPU.Build.0 = Debug|Any CPU
		{3F18B8A1-9DB4-4667-AD51-A8F457EE66EC}.Debug|ARM.ActiveCfg = Debug|Any CPU
		{3F18B8A1-9DB4-4667-AD51-A8F457EE66EC}.Debug|ARM.Build.0 = Debug|Any CPU
		{3F18B8A1-9DB4-4667-AD51-A8F457EE66EC}.Debug|iPhone.ActiveCfg = Debug|Any CPU
		{3F18B8A1-9DB4-4667-AD51-A8F457EE66EC}.Debug|iPhone.Build.0 = Debug|Any CPU
		{3F18B8A1-9DB4-4667-AD51-A8F457EE66EC}.Debug|iPhoneSimulator.ActiveCfg = Debug|Any CPU
		{3F18B8A1-9DB4-4667-AD51-A8F457EE66EC}.Debug|iPhoneSimulator.Build.0 = Debug|Any CPU
		{3F18B8A1-9DB4-4667-AD51-A8F457EE66EC}.Debug|x64.ActiveCfg = Debug|Any CPU
		{3F18B8A1-9DB4-4667-AD51-A8F457EE66EC}.Debug|x64.Build.0 = Debug|Any CPU
		{3F18B8A1-9DB4-4667-AD51-A8F457EE66EC}.Debug|x86.ActiveCfg = Debug|Any CPU
		{3F18B8A1-9DB4-4667-AD51-A8F457EE66EC}.Debug|x86.Build.0 = Debug|Any CPU
		{3F18B8A1-9DB4-4667-AD51-A8F457EE66EC}.Release|Any CPU.ActiveCfg = Release|Any CPU
		{3F18B8A1-9DB4-4667-AD51-A8F457EE66EC}.Release|Any CPU.Build.0 = Release|Any CPU
		{3F18B8A1-9DB4-4667-AD51-A8F457EE66EC}.Release|ARM.ActiveCfg = Release|Any CPU
		{3F18B8A1-9DB4-4667-AD51-A8F457EE66EC}.Release|ARM.Build.0 = Release|Any CPU
		{3F18B8A1-9DB4-4667-AD51-A8F457EE66EC}.Release|iPhone.ActiveCfg = Release|Any CPU
		{3F18B8A1-9DB4-4667-AD51-A8F457EE66EC}.Release|iPhone.Build.0 = Release|Any CPU
		{3F18B8A1-9DB4-4667-AD51-A8F457EE66EC}.Release|iPhoneSimulator.ActiveCfg = Release|Any CPU
		{3F18B8A1-9DB4-4667-AD51-A8F457EE66EC}.Release|iPhoneSimulator.Build.0 = Release|Any CPU
		{3F18B8A1-9DB4-4667-AD51-A8F457EE66EC}.Release|x64.ActiveCfg = Release|Any CPU
		{3F18B8A1-9DB4-4667-AD51-A8F457EE66EC}.Release|x64.Build.0 = Release|Any CPU
		{3F18B8A1-9DB4-4667-AD51-A8F457EE66EC}.Release|x86.ActiveCfg = Release|Any CPU
		{3F18B8A1-9DB4-4667-AD51-A8F457EE66EC}.Release|x86.Build.0 = Release|Any CPU
		{EEFB1ABC-66D7-4245-A27F-5292646B9ED7}.Debug|Any CPU.ActiveCfg = Debug|Any CPU
		{EEFB1ABC-66D7-4245-A27F-5292646B9ED7}.Debug|Any CPU.Build.0 = Debug|Any CPU
		{EEFB1ABC-66D7-4245-A27F-5292646B9ED7}.Debug|ARM.ActiveCfg = Debug|Any CPU
		{EEFB1ABC-66D7-4245-A27F-5292646B9ED7}.Debug|ARM.Build.0 = Debug|Any CPU
		{EEFB1ABC-66D7-4245-A27F-5292646B9ED7}.Debug|iPhone.ActiveCfg = Debug|Any CPU
		{EEFB1ABC-66D7-4245-A27F-5292646B9ED7}.Debug|iPhone.Build.0 = Debug|Any CPU
		{EEFB1ABC-66D7-4245-A27F-5292646B9ED7}.Debug|iPhoneSimulator.ActiveCfg = Debug|Any CPU
		{EEFB1ABC-66D7-4245-A27F-5292646B9ED7}.Debug|iPhoneSimulator.Build.0 = Debug|Any CPU
		{EEFB1ABC-66D7-4245-A27F-5292646B9ED7}.Debug|x64.ActiveCfg = Debug|Any CPU
		{EEFB1ABC-66D7-4245-A27F-5292646B9ED7}.Debug|x64.Build.0 = Debug|Any CPU
		{EEFB1ABC-66D7-4245-A27F-5292646B9ED7}.Debug|x86.ActiveCfg = Debug|Any CPU
		{EEFB1ABC-66D7-4245-A27F-5292646B9ED7}.Debug|x86.Build.0 = Debug|Any CPU
		{EEFB1ABC-66D7-4245-A27F-5292646B9ED7}.Release|Any CPU.ActiveCfg = Release|Any CPU
		{EEFB1ABC-66D7-4245-A27F-5292646B9ED7}.Release|Any CPU.Build.0 = Release|Any CPU
		{EEFB1ABC-66D7-4245-A27F-5292646B9ED7}.Release|ARM.ActiveCfg = Release|Any CPU
		{EEFB1ABC-66D7-4245-A27F-5292646B9ED7}.Release|ARM.Build.0 = Release|Any CPU
		{EEFB1ABC-66D7-4245-A27F-5292646B9ED7}.Release|iPhone.ActiveCfg = Release|Any CPU
		{EEFB1ABC-66D7-4245-A27F-5292646B9ED7}.Release|iPhone.Build.0 = Release|Any CPU
		{EEFB1ABC-66D7-4245-A27F-5292646B9ED7}.Release|iPhoneSimulator.ActiveCfg = Release|Any CPU
		{EEFB1ABC-66D7-4245-A27F-5292646B9ED7}.Release|iPhoneSimulator.Build.0 = Release|Any CPU
		{EEFB1ABC-66D7-4245-A27F-5292646B9ED7}.Release|x64.ActiveCfg = Release|Any CPU
		{EEFB1ABC-66D7-4245-A27F-5292646B9ED7}.Release|x64.Build.0 = Release|Any CPU
		{EEFB1ABC-66D7-4245-A27F-5292646B9ED7}.Release|x86.ActiveCfg = Release|Any CPU
		{EEFB1ABC-66D7-4245-A27F-5292646B9ED7}.Release|x86.Build.0 = Release|Any CPU
		{149C2B01-55C3-4DC7-942F-3DCE333D03C7}.Debug|Any CPU.ActiveCfg = Debug|Any CPU
		{149C2B01-55C3-4DC7-942F-3DCE333D03C7}.Debug|Any CPU.Build.0 = Debug|Any CPU
		{149C2B01-55C3-4DC7-942F-3DCE333D03C7}.Debug|ARM.ActiveCfg = Debug|Any CPU
		{149C2B01-55C3-4DC7-942F-3DCE333D03C7}.Debug|ARM.Build.0 = Debug|Any CPU
		{149C2B01-55C3-4DC7-942F-3DCE333D03C7}.Debug|iPhone.ActiveCfg = Debug|Any CPU
		{149C2B01-55C3-4DC7-942F-3DCE333D03C7}.Debug|iPhone.Build.0 = Debug|Any CPU
		{149C2B01-55C3-4DC7-942F-3DCE333D03C7}.Debug|iPhoneSimulator.ActiveCfg = Debug|Any CPU
		{149C2B01-55C3-4DC7-942F-3DCE333D03C7}.Debug|iPhoneSimulator.Build.0 = Debug|Any CPU
		{149C2B01-55C3-4DC7-942F-3DCE333D03C7}.Debug|x64.ActiveCfg = Debug|Any CPU
		{149C2B01-55C3-4DC7-942F-3DCE333D03C7}.Debug|x64.Build.0 = Debug|Any CPU
		{149C2B01-55C3-4DC7-942F-3DCE333D03C7}.Debug|x86.ActiveCfg = Debug|Any CPU
		{149C2B01-55C3-4DC7-942F-3DCE333D03C7}.Debug|x86.Build.0 = Debug|Any CPU
		{149C2B01-55C3-4DC7-942F-3DCE333D03C7}.Release|Any CPU.ActiveCfg = Release|Any CPU
		{149C2B01-55C3-4DC7-942F-3DCE333D03C7}.Release|Any CPU.Build.0 = Release|Any CPU
		{149C2B01-55C3-4DC7-942F-3DCE333D03C7}.Release|ARM.ActiveCfg = Release|Any CPU
		{149C2B01-55C3-4DC7-942F-3DCE333D03C7}.Release|ARM.Build.0 = Release|Any CPU
		{149C2B01-55C3-4DC7-942F-3DCE333D03C7}.Release|iPhone.ActiveCfg = Release|Any CPU
		{149C2B01-55C3-4DC7-942F-3DCE333D03C7}.Release|iPhone.Build.0 = Release|Any CPU
		{149C2B01-55C3-4DC7-942F-3DCE333D03C7}.Release|iPhoneSimulator.ActiveCfg = Release|Any CPU
		{149C2B01-55C3-4DC7-942F-3DCE333D03C7}.Release|iPhoneSimulator.Build.0 = Release|Any CPU
		{149C2B01-55C3-4DC7-942F-3DCE333D03C7}.Release|x64.ActiveCfg = Release|Any CPU
		{149C2B01-55C3-4DC7-942F-3DCE333D03C7}.Release|x64.Build.0 = Release|Any CPU
		{149C2B01-55C3-4DC7-942F-3DCE333D03C7}.Release|x86.ActiveCfg = Release|Any CPU
		{149C2B01-55C3-4DC7-942F-3DCE333D03C7}.Release|x86.Build.0 = Release|Any CPU
		{04CF939B-1BD1-44B0-A83F-41E14F8C3923}.Debug|Any CPU.ActiveCfg = Debug|Any CPU
		{04CF939B-1BD1-44B0-A83F-41E14F8C3923}.Debug|Any CPU.Build.0 = Debug|Any CPU
		{04CF939B-1BD1-44B0-A83F-41E14F8C3923}.Debug|ARM.ActiveCfg = Debug|Any CPU
		{04CF939B-1BD1-44B0-A83F-41E14F8C3923}.Debug|ARM.Build.0 = Debug|Any CPU
		{04CF939B-1BD1-44B0-A83F-41E14F8C3923}.Debug|iPhone.ActiveCfg = Debug|Any CPU
		{04CF939B-1BD1-44B0-A83F-41E14F8C3923}.Debug|iPhone.Build.0 = Debug|Any CPU
		{04CF939B-1BD1-44B0-A83F-41E14F8C3923}.Debug|iPhoneSimulator.ActiveCfg = Debug|Any CPU
		{04CF939B-1BD1-44B0-A83F-41E14F8C3923}.Debug|iPhoneSimulator.Build.0 = Debug|Any CPU
		{04CF939B-1BD1-44B0-A83F-41E14F8C3923}.Debug|x64.ActiveCfg = Debug|Any CPU
		{04CF939B-1BD1-44B0-A83F-41E14F8C3923}.Debug|x64.Build.0 = Debug|Any CPU
		{04CF939B-1BD1-44B0-A83F-41E14F8C3923}.Debug|x86.ActiveCfg = Debug|Any CPU
		{04CF939B-1BD1-44B0-A83F-41E14F8C3923}.Debug|x86.Build.0 = Debug|Any CPU
		{04CF939B-1BD1-44B0-A83F-41E14F8C3923}.Release|Any CPU.ActiveCfg = Release|Any CPU
		{04CF939B-1BD1-44B0-A83F-41E14F8C3923}.Release|Any CPU.Build.0 = Release|Any CPU
		{04CF939B-1BD1-44B0-A83F-41E14F8C3923}.Release|ARM.ActiveCfg = Release|Any CPU
		{04CF939B-1BD1-44B0-A83F-41E14F8C3923}.Release|ARM.Build.0 = Release|Any CPU
		{04CF939B-1BD1-44B0-A83F-41E14F8C3923}.Release|iPhone.ActiveCfg = Release|Any CPU
		{04CF939B-1BD1-44B0-A83F-41E14F8C3923}.Release|iPhone.Build.0 = Release|Any CPU
		{04CF939B-1BD1-44B0-A83F-41E14F8C3923}.Release|iPhoneSimulator.ActiveCfg = Release|Any CPU
		{04CF939B-1BD1-44B0-A83F-41E14F8C3923}.Release|iPhoneSimulator.Build.0 = Release|Any CPU
		{04CF939B-1BD1-44B0-A83F-41E14F8C3923}.Release|x64.ActiveCfg = Release|Any CPU
		{04CF939B-1BD1-44B0-A83F-41E14F8C3923}.Release|x64.Build.0 = Release|Any CPU
		{04CF939B-1BD1-44B0-A83F-41E14F8C3923}.Release|x86.ActiveCfg = Release|Any CPU
		{04CF939B-1BD1-44B0-A83F-41E14F8C3923}.Release|x86.Build.0 = Release|Any CPU
	EndGlobalSection
	GlobalSection(SolutionProperties) = preSolution
		HideSolutionNode = FALSE
	EndGlobalSection
	GlobalSection(NestedProjects) = preSolution
		{2AD852E6-1669-4782-BDCC-9308DD30AFB5} = {9E136313-2C58-448E-91EE-405E44334C81}
		{EF201858-AC2D-4F68-A5E0-E9CDE75DCCA3} = {9E136313-2C58-448E-91EE-405E44334C81}
		{7077B4CA-714D-476F-8574-15022951089D} = {24FFDED7-DE03-48F5-9DE5-BE378CFC33CF}
		{150DDAF4-8BD6-4880-97EE-D45FEDA41645} = {24FFDED7-DE03-48F5-9DE5-BE378CFC33CF}
		{94CB1224-EA78-4856-A262-4CB9909CF7E2} = {24FFDED7-DE03-48F5-9DE5-BE378CFC33CF}
		{B8C82C0F-BCC4-4A80-B3D8-89E640BD3F79} = {B6EF841A-8937-4732-8891-82E3816F421F}
		{16894FF4-1B3E-4946-8EEE-92FB82DB10D6} = {B6EF841A-8937-4732-8891-82E3816F421F}
		{36591B4F-80CC-4FC8-933A-45FE3D592A98} = {6578B392-6C45-4229-947D-56D2C93DA77B}
		{3F18B8A1-9DB4-4667-AD51-A8F457EE66EC} = {6578B392-6C45-4229-947D-56D2C93DA77B}
		{EEFB1ABC-66D7-4245-A27F-5292646B9ED7} = {9E136313-2C58-448E-91EE-405E44334C81}
		{149C2B01-55C3-4DC7-942F-3DCE333D03C7} = {5C81D99D-2FC2-484B-AD94-87347909FC33}
		{04CF939B-1BD1-44B0-A83F-41E14F8C3923} = {5C81D99D-2FC2-484B-AD94-87347909FC33}
	EndGlobalSection
	GlobalSection(ExtensibilityGlobals) = postSolution
		SolutionGuid = {A9F48C08-73B1-4942-BA17-CFB7956A2F05}
	EndGlobalSection
EndGlobal
