Microsoft Visual Studio Solution File, Format Version 12.00
# Visual Studio 15
VisualStudioVersion = 15.0.27428.2027
MinimumVisualStudioVersion = 10.0.40219.1
Project("{FAE04EC0-301F-11D3-BF4B-00C04F79EFBC}") = "Colin.Lottery.Analyzers", "Colin.Lottery.Analyzers\Colin.Lottery.Analyzers.csproj", "{5869EF30-F697-47BF-AFE8-BA87B6A4C6D9}"
EndProject
Project("{FAE04EC0-301F-11D3-BF4B-00C04F79EFBC}") = "Colin.Lottery.Analyzers.Test", "Colin.Lottery.Analyzers.Test\Colin.Lottery.Analyzers.Test.csproj", "{A876D6C7-3C53-417C-AF03-93F0ABAE832C}"
EndProject
Project("{FAE04EC0-301F-11D3-BF4B-00C04F79EFBC}") = "Colin.Lottery.Collectors.Test", "Colin.Lottery.Collectors.Test\Colin.Lottery.Collectors.Test.csproj", "{56258FD2-15E3-44FF-B64E-545560CB6F88}"
EndProject
Project("{FAE04EC0-301F-11D3-BF4B-00C04F79EFBC}") = "Colin.Lottery.Utils", "Colin.Lottery.Utils\Colin.Lottery.Utils.csproj", "{82C3B5C2-463F-4A32-946A-D71B5C0D577E}"
EndProject
Project("{FAE04EC0-301F-11D3-BF4B-00C04F79EFBC}") = "Colin.Lottery.Collectors", "Colin.Lottery.Collectors\Colin.Lottery.Collectors.csproj", "{18811C16-7A86-4B14-B662-A9EB2E188C87}"
EndProject
Project("{FAE04EC0-301F-11D3-BF4B-00C04F79EFBC}") = "Colin.Lottery.Models", "Colin.Lottery.Models\Colin.Lottery.Models.csproj", "{2EDCC849-4EDE-45AD-8435-F6FBB7F62A81}"
EndProject
Project("{FAE04EC0-301F-11D3-BF4B-00C04F79EFBC}") = "Colin.Lottery.ConsoleTest", "Colin.Lottery.ConsoleTest\Colin.Lottery.ConsoleTest.csproj", "{26667058-C7DF-4220-9D13-2B5147124B86}"
EndProject
Project("{FAE04EC0-301F-11D3-BF4B-00C04F79EFBC}") = "Colin.Lottery.WebApp", "Colin.Lottery.WebApp\Colin.Lottery.WebApp.csproj", "{79785B31-F9C9-4D28-8EEC-B5A83DE36030}"
EndProject
Project("{D954291E-2A0B-460D-934E-DC6B0785DB48}") = "Colin.Lottery.PhoneApp", "Colin.Lottery.PhoneApp\Colin.Lottery.PhoneApp.shproj", "{7983815C-A142-49A3-B299-7453830036D2}"
EndProject
Project("{FAE04EC0-301F-11D3-BF4B-00C04F79EFBC}") = "Colin.Lottery.PhoneApp.iOS", "iOS\Colin.Lottery.PhoneApp.iOS.csproj", "{D8371BF9-324C-435C-AB05-56136933FA6D}"
EndProject
Project("{FAE04EC0-301F-11D3-BF4B-00C04F79EFBC}") = "Colin.Lottery.PhoneApp.Droid", "Droid\Colin.Lottery.PhoneApp.Droid.csproj", "{308B5C55-1A54-49FD-96A1-C8E540F79905}"
EndProject
Project("{FAE04EC0-301F-11D3-BF4B-00C04F79EFBC}") = "Colin.Lottery.PhoneApp.iOS.WatchApp", "Colin.Lottery.PhoneApp.iOS.WatchApp\Colin.Lottery.PhoneApp.iOS.WatchApp.csproj", "{54EB8841-593D-4020-94B6-9C444025B619}"
EndProject
Project("{FAE04EC0-301F-11D3-BF4B-00C04F79EFBC}") = "Colin.Lottery.PhoneApp.iOS.WatchAppExtension", "Colin.Lottery.PhoneApp.iOS.WatchAppExtension\Colin.Lottery.PhoneApp.iOS.WatchAppExtension.csproj", "{DADD64F5-D9C0-4147-9BB7-15AF83F43311}"
EndProject
Project("{FAE04EC0-301F-11D3-BF4B-00C04F79EFBC}") = "Colin.Lottery.MacApp", "Colin.Lottery.MacApp\Colin.Lottery.MacApp.csproj", "{2AD852E6-1669-4782-BDCC-9308DD30AFB5}"
EndProject
Project("{FAE04EC0-301F-11D3-BF4B-00C04F79EFBC}") = "Colin.Lottery.WindowsApp", "Colin.Lottery.WindowsApp\Colin.Lottery.WindowsApp.csproj", "{EF201858-AC2D-4F68-A5E0-E9CDE75DCCA3}"
EndProject
Project("{2150E333-8FDC-42A3-9474-1A3956D46DE8}") = "1.ClientApps", "1.ClientApps", "{9E136313-2C58-448E-91EE-405E44334C81}"
EndProject
Project("{2150E333-8FDC-42A3-9474-1A3956D46DE8}") = "3.Analyzers", "3.Analyzers", "{6578B392-6C45-4229-947D-56D2C93DA77B}"
EndProject
Project("{2150E333-8FDC-42A3-9474-1A3956D46DE8}") = "4.Collectors", "4.Collectors", "{B6EF841A-8937-4732-8891-82E3816F421F}"
EndProject
Project("{2150E333-8FDC-42A3-9474-1A3956D46DE8}") = "2.Services", "2.Services", "{5C81D99D-2FC2-484B-AD94-87347909FC33}"
EndProject
Project("{FAE04EC0-301F-11D3-BF4B-00C04F79EFBC}") = "Colin.Lottery.StrategyService", "Colin.Lottery.StrategyService\Colin.Lottery.StrategyService.csproj", "{F68F9E23-B5F8-4588-A5D2-E0C4549B001E}"
EndProject
Project("{FAE04EC0-301F-11D3-BF4B-00C04F79EFBC}") = "Colin.Lottery.AutoBetService", "Colin.Lottery.AutoBetService\Colin.Lottery.AutoBetService.csproj", "{244D48B0-A1AB-4DD5-B807-443CF9618A2B}"
EndProject
Project("{2150E333-8FDC-42A3-9474-1A3956D46DE8}") = "5.Infrastructure", "5.Infrastructure", "{24FFDED7-DE03-48F5-9DE5-BE378CFC33CF}"
EndProject
Global
	GlobalSection(SharedMSBuildProjectFiles) = preSolution
		Colin.Lottery.PhoneApp\Colin.Lottery.PhoneApp.projitems*{7983815c-a142-49a3-b299-7453830036d2}*SharedItemsImports = 13
	EndGlobalSection
	GlobalSection(SolutionConfigurationPlatforms) = preSolution
		Debug|Any CPU = Debug|Any CPU
		Debug|ARM = Debug|ARM
		Debug|iPhone = Debug|iPhone
		Debug|iPhoneSimulator = Debug|iPhoneSimulator
		Debug|x64 = Debug|x64
		Debug|x86 = Debug|x86
		Release|Any CPU = Release|Any CPU
		Release|ARM = Release|ARM
		Release|iPhone = Release|iPhone
		Release|iPhoneSimulator = Release|iPhoneSimulator
		Release|x64 = Release|x64
		Release|x86 = Release|x86
	EndGlobalSection
	GlobalSection(ProjectConfigurationPlatforms) = postSolution
		{5869EF30-F697-47BF-AFE8-BA87B6A4C6D9}.Debug|Any CPU.ActiveCfg = Debug|Any CPU
		{5869EF30-F697-47BF-AFE8-BA87B6A4C6D9}.Debug|Any CPU.Build.0 = Debug|Any CPU
		{5869EF30-F697-47BF-AFE8-BA87B6A4C6D9}.Debug|ARM.ActiveCfg = Debug|Any CPU
		{5869EF30-F697-47BF-AFE8-BA87B6A4C6D9}.Debug|ARM.Build.0 = Debug|Any CPU
		{5869EF30-F697-47BF-AFE8-BA87B6A4C6D9}.Debug|iPhone.ActiveCfg = Debug|Any CPU
		{5869EF30-F697-47BF-AFE8-BA87B6A4C6D9}.Debug|iPhone.Build.0 = Debug|Any CPU
		{5869EF30-F697-47BF-AFE8-BA87B6A4C6D9}.Debug|iPhoneSimulator.ActiveCfg = Debug|Any CPU
		{5869EF30-F697-47BF-AFE8-BA87B6A4C6D9}.Debug|iPhoneSimulator.Build.0 = Debug|Any CPU
		{5869EF30-F697-47BF-AFE8-BA87B6A4C6D9}.Debug|x64.ActiveCfg = Debug|Any CPU
		{5869EF30-F697-47BF-AFE8-BA87B6A4C6D9}.Debug|x64.Build.0 = Debug|Any CPU
		{5869EF30-F697-47BF-AFE8-BA87B6A4C6D9}.Debug|x86.ActiveCfg = Debug|Any CPU
		{5869EF30-F697-47BF-AFE8-BA87B6A4C6D9}.Debug|x86.Build.0 = Debug|Any CPU
		{5869EF30-F697-47BF-AFE8-BA87B6A4C6D9}.Release|Any CPU.ActiveCfg = Release|Any CPU
		{5869EF30-F697-47BF-AFE8-BA87B6A4C6D9}.Release|Any CPU.Build.0 = Release|Any CPU
		{5869EF30-F697-47BF-AFE8-BA87B6A4C6D9}.Release|ARM.ActiveCfg = Release|Any CPU
		{5869EF30-F697-47BF-AFE8-BA87B6A4C6D9}.Release|ARM.Build.0 = Release|Any CPU
		{5869EF30-F697-47BF-AFE8-BA87B6A4C6D9}.Release|iPhone.ActiveCfg = Release|Any CPU
		{5869EF30-F697-47BF-AFE8-BA87B6A4C6D9}.Release|iPhone.Build.0 = Release|Any CPU
		{5869EF30-F697-47BF-AFE8-BA87B6A4C6D9}.Release|iPhoneSimulator.ActiveCfg = Release|Any CPU
		{5869EF30-F697-47BF-AFE8-BA87B6A4C6D9}.Release|iPhoneSimulator.Build.0 = Release|Any CPU
		{5869EF30-F697-47BF-AFE8-BA87B6A4C6D9}.Release|x64.ActiveCfg = Release|Any CPU
		{5869EF30-F697-47BF-AFE8-BA87B6A4C6D9}.Release|x64.Build.0 = Release|Any CPU
		{5869EF30-F697-47BF-AFE8-BA87B6A4C6D9}.Release|x86.ActiveCfg = Release|Any CPU
		{5869EF30-F697-47BF-AFE8-BA87B6A4C6D9}.Release|x86.Build.0 = Release|Any CPU
		{A876D6C7-3C53-417C-AF03-93F0ABAE832C}.Debug|Any CPU.ActiveCfg = Debug|Any CPU
		{A876D6C7-3C53-417C-AF03-93F0ABAE832C}.Debug|Any CPU.Build.0 = Debug|Any CPU
		{A876D6C7-3C53-417C-AF03-93F0ABAE832C}.Debug|ARM.ActiveCfg = Debug|Any CPU
		{A876D6C7-3C53-417C-AF03-93F0ABAE832C}.Debug|ARM.Build.0 = Debug|Any CPU
		{A876D6C7-3C53-417C-AF03-93F0ABAE832C}.Debug|iPhone.ActiveCfg = Debug|Any CPU
		{A876D6C7-3C53-417C-AF03-93F0ABAE832C}.Debug|iPhone.Build.0 = Debug|Any CPU
		{A876D6C7-3C53-417C-AF03-93F0ABAE832C}.Debug|iPhoneSimulator.ActiveCfg = Debug|Any CPU
		{A876D6C7-3C53-417C-AF03-93F0ABAE832C}.Debug|iPhoneSimulator.Build.0 = Debug|Any CPU
		{A876D6C7-3C53-417C-AF03-93F0ABAE832C}.Debug|x64.ActiveCfg = Debug|Any CPU
		{A876D6C7-3C53-417C-AF03-93F0ABAE832C}.Debug|x64.Build.0 = Debug|Any CPU
		{A876D6C7-3C53-417C-AF03-93F0ABAE832C}.Debug|x86.ActiveCfg = Debug|Any CPU
		{A876D6C7-3C53-417C-AF03-93F0ABAE832C}.Debug|x86.Build.0 = Debug|Any CPU
		{A876D6C7-3C53-417C-AF03-93F0ABAE832C}.Release|Any CPU.ActiveCfg = Release|Any CPU
		{A876D6C7-3C53-417C-AF03-93F0ABAE832C}.Release|Any CPU.Build.0 = Release|Any CPU
		{A876D6C7-3C53-417C-AF03-93F0ABAE832C}.Release|ARM.ActiveCfg = Release|Any CPU
		{A876D6C7-3C53-417C-AF03-93F0ABAE832C}.Release|ARM.Build.0 = Release|Any CPU
		{A876D6C7-3C53-417C-AF03-93F0ABAE832C}.Release|iPhone.ActiveCfg = Release|Any CPU
		{A876D6C7-3C53-417C-AF03-93F0ABAE832C}.Release|iPhone.Build.0 = Release|Any CPU
		{A876D6C7-3C53-417C-AF03-93F0ABAE832C}.Release|iPhoneSimulator.ActiveCfg = Release|Any CPU
		{A876D6C7-3C53-417C-AF03-93F0ABAE832C}.Release|iPhoneSimulator.Build.0 = Release|Any CPU
		{A876D6C7-3C53-417C-AF03-93F0ABAE832C}.Release|x64.ActiveCfg = Release|Any CPU
		{A876D6C7-3C53-417C-AF03-93F0ABAE832C}.Release|x64.Build.0 = Release|Any CPU
		{A876D6C7-3C53-417C-AF03-93F0ABAE832C}.Release|x86.ActiveCfg = Release|Any CPU
		{A876D6C7-3C53-417C-AF03-93F0ABAE832C}.Release|x86.Build.0 = Release|Any CPU
		{56258FD2-15E3-44FF-B64E-545560CB6F88}.Debug|Any CPU.ActiveCfg = Debug|Any CPU
		{56258FD2-15E3-44FF-B64E-545560CB6F88}.Debug|Any CPU.Build.0 = Debug|Any CPU
		{56258FD2-15E3-44FF-B64E-545560CB6F88}.Debug|ARM.ActiveCfg = Debug|Any CPU
		{56258FD2-15E3-44FF-B64E-545560CB6F88}.Debug|ARM.Build.0 = Debug|Any CPU
		{56258FD2-15E3-44FF-B64E-545560CB6F88}.Debug|iPhone.ActiveCfg = Debug|Any CPU
		{56258FD2-15E3-44FF-B64E-545560CB6F88}.Debug|iPhone.Build.0 = Debug|Any CPU
		{56258FD2-15E3-44FF-B64E-545560CB6F88}.Debug|iPhoneSimulator.ActiveCfg = Debug|Any CPU
		{56258FD2-15E3-44FF-B64E-545560CB6F88}.Debug|iPhoneSimulator.Build.0 = Debug|Any CPU
		{56258FD2-15E3-44FF-B64E-545560CB6F88}.Debug|x64.ActiveCfg = Debug|Any CPU
		{56258FD2-15E3-44FF-B64E-545560CB6F88}.Debug|x64.Build.0 = Debug|Any CPU
		{56258FD2-15E3-44FF-B64E-545560CB6F88}.Debug|x86.ActiveCfg = Debug|Any CPU
		{56258FD2-15E3-44FF-B64E-545560CB6F88}.Debug|x86.Build.0 = Debug|Any CPU
		{56258FD2-15E3-44FF-B64E-545560CB6F88}.Release|Any CPU.ActiveCfg = Release|Any CPU
		{56258FD2-15E3-44FF-B64E-545560CB6F88}.Release|Any CPU.Build.0 = Release|Any CPU
		{56258FD2-15E3-44FF-B64E-545560CB6F88}.Release|ARM.ActiveCfg = Release|Any CPU
		{56258FD2-15E3-44FF-B64E-545560CB6F88}.Release|ARM.Build.0 = Release|Any CPU
		{56258FD2-15E3-44FF-B64E-545560CB6F88}.Release|iPhone.ActiveCfg = Release|Any CPU
		{56258FD2-15E3-44FF-B64E-545560CB6F88}.Release|iPhone.Build.0 = Release|Any CPU
		{56258FD2-15E3-44FF-B64E-545560CB6F88}.Release|iPhoneSimulator.ActiveCfg = Release|Any CPU
		{56258FD2-15E3-44FF-B64E-545560CB6F88}.Release|iPhoneSimulator.Build.0 = Release|Any CPU
		{56258FD2-15E3-44FF-B64E-545560CB6F88}.Release|x64.ActiveCfg = Release|Any CPU
		{56258FD2-15E3-44FF-B64E-545560CB6F88}.Release|x64.Build.0 = Release|Any CPU
		{56258FD2-15E3-44FF-B64E-545560CB6F88}.Release|x86.ActiveCfg = Release|Any CPU
		{56258FD2-15E3-44FF-B64E-545560CB6F88}.Release|x86.Build.0 = Release|Any CPU
		{82C3B5C2-463F-4A32-946A-D71B5C0D577E}.Debug|Any CPU.ActiveCfg = Debug|Any CPU
		{82C3B5C2-463F-4A32-946A-D71B5C0D577E}.Debug|Any CPU.Build.0 = Debug|Any CPU
		{82C3B5C2-463F-4A32-946A-D71B5C0D577E}.Debug|ARM.ActiveCfg = Debug|Any CPU
		{82C3B5C2-463F-4A32-946A-D71B5C0D577E}.Debug|ARM.Build.0 = Debug|Any CPU
		{82C3B5C2-463F-4A32-946A-D71B5C0D577E}.Debug|iPhone.ActiveCfg = Debug|Any CPU
		{82C3B5C2-463F-4A32-946A-D71B5C0D577E}.Debug|iPhone.Build.0 = Debug|Any CPU
		{82C3B5C2-463F-4A32-946A-D71B5C0D577E}.Debug|iPhoneSimulator.ActiveCfg = Debug|Any CPU
		{82C3B5C2-463F-4A32-946A-D71B5C0D577E}.Debug|iPhoneSimulator.Build.0 = Debug|Any CPU
		{82C3B5C2-463F-4A32-946A-D71B5C0D577E}.Debug|x64.ActiveCfg = Debug|Any CPU
		{82C3B5C2-463F-4A32-946A-D71B5C0D577E}.Debug|x64.Build.0 = Debug|Any CPU
		{82C3B5C2-463F-4A32-946A-D71B5C0D577E}.Debug|x86.ActiveCfg = Debug|Any CPU
		{82C3B5C2-463F-4A32-946A-D71B5C0D577E}.Debug|x86.Build.0 = Debug|Any CPU
		{82C3B5C2-463F-4A32-946A-D71B5C0D577E}.Release|Any CPU.ActiveCfg = Release|Any CPU
		{82C3B5C2-463F-4A32-946A-D71B5C0D577E}.Release|Any CPU.Build.0 = Release|Any CPU
		{82C3B5C2-463F-4A32-946A-D71B5C0D577E}.Release|ARM.ActiveCfg = Release|Any CPU
		{82C3B5C2-463F-4A32-946A-D71B5C0D577E}.Release|ARM.Build.0 = Release|Any CPU
		{82C3B5C2-463F-4A32-946A-D71B5C0D577E}.Release|iPhone.ActiveCfg = Release|Any CPU
		{82C3B5C2-463F-4A32-946A-D71B5C0D577E}.Release|iPhone.Build.0 = Release|Any CPU
		{82C3B5C2-463F-4A32-946A-D71B5C0D577E}.Release|iPhoneSimulator.ActiveCfg = Release|Any CPU
		{82C3B5C2-463F-4A32-946A-D71B5C0D577E}.Release|iPhoneSimulator.Build.0 = Release|Any CPU
		{82C3B5C2-463F-4A32-946A-D71B5C0D577E}.Release|x64.ActiveCfg = Release|Any CPU
		{82C3B5C2-463F-4A32-946A-D71B5C0D577E}.Release|x64.Build.0 = Release|Any CPU
		{82C3B5C2-463F-4A32-946A-D71B5C0D577E}.Release|x86.ActiveCfg = Release|Any CPU
		{82C3B5C2-463F-4A32-946A-D71B5C0D577E}.Release|x86.Build.0 = Release|Any CPU
		{18811C16-7A86-4B14-B662-A9EB2E188C87}.Debug|Any CPU.ActiveCfg = Debug|Any CPU
		{18811C16-7A86-4B14-B662-A9EB2E188C87}.Debug|Any CPU.Build.0 = Debug|Any CPU
		{18811C16-7A86-4B14-B662-A9EB2E188C87}.Debug|ARM.ActiveCfg = Debug|Any CPU
		{18811C16-7A86-4B14-B662-A9EB2E188C87}.Debug|ARM.Build.0 = Debug|Any CPU
		{18811C16-7A86-4B14-B662-A9EB2E188C87}.Debug|iPhone.ActiveCfg = Debug|Any CPU
		{18811C16-7A86-4B14-B662-A9EB2E188C87}.Debug|iPhone.Build.0 = Debug|Any CPU
		{18811C16-7A86-4B14-B662-A9EB2E188C87}.Debug|iPhoneSimulator.ActiveCfg = Debug|Any CPU
		{18811C16-7A86-4B14-B662-A9EB2E188C87}.Debug|iPhoneSimulator.Build.0 = Debug|Any CPU
		{18811C16-7A86-4B14-B662-A9EB2E188C87}.Debug|x64.ActiveCfg = Debug|Any CPU
		{18811C16-7A86-4B14-B662-A9EB2E188C87}.Debug|x64.Build.0 = Debug|Any CPU
		{18811C16-7A86-4B14-B662-A9EB2E188C87}.Debug|x86.ActiveCfg = Debug|Any CPU
		{18811C16-7A86-4B14-B662-A9EB2E188C87}.Debug|x86.Build.0 = Debug|Any CPU
		{18811C16-7A86-4B14-B662-A9EB2E188C87}.Release|Any CPU.ActiveCfg = Release|Any CPU
		{18811C16-7A86-4B14-B662-A9EB2E188C87}.Release|Any CPU.Build.0 = Release|Any CPU
		{18811C16-7A86-4B14-B662-A9EB2E188C87}.Release|ARM.ActiveCfg = Release|Any CPU
		{18811C16-7A86-4B14-B662-A9EB2E188C87}.Release|ARM.Build.0 = Release|Any CPU
		{18811C16-7A86-4B14-B662-A9EB2E188C87}.Release|iPhone.ActiveCfg = Release|Any CPU
		{18811C16-7A86-4B14-B662-A9EB2E188C87}.Release|iPhone.Build.0 = Release|Any CPU
		{18811C16-7A86-4B14-B662-A9EB2E188C87}.Release|iPhoneSimulator.ActiveCfg = Release|Any CPU
		{18811C16-7A86-4B14-B662-A9EB2E188C87}.Release|iPhoneSimulator.Build.0 = Release|Any CPU
		{18811C16-7A86-4B14-B662-A9EB2E188C87}.Release|x64.ActiveCfg = Release|Any CPU
		{18811C16-7A86-4B14-B662-A9EB2E188C87}.Release|x64.Build.0 = Release|Any CPU
		{18811C16-7A86-4B14-B662-A9EB2E188C87}.Release|x86.ActiveCfg = Release|Any CPU
		{18811C16-7A86-4B14-B662-A9EB2E188C87}.Release|x86.Build.0 = Release|Any CPU
		{2EDCC849-4EDE-45AD-8435-F6FBB7F62A81}.Debug|Any CPU.ActiveCfg = Debug|Any CPU
		{2EDCC849-4EDE-45AD-8435-F6FBB7F62A81}.Debug|Any CPU.Build.0 = Debug|Any CPU
		{2EDCC849-4EDE-45AD-8435-F6FBB7F62A81}.Debug|ARM.ActiveCfg = Debug|Any CPU
		{2EDCC849-4EDE-45AD-8435-F6FBB7F62A81}.Debug|ARM.Build.0 = Debug|Any CPU
		{2EDCC849-4EDE-45AD-8435-F6FBB7F62A81}.Debug|iPhone.ActiveCfg = Debug|Any CPU
		{2EDCC849-4EDE-45AD-8435-F6FBB7F62A81}.Debug|iPhone.Build.0 = Debug|Any CPU
		{2EDCC849-4EDE-45AD-8435-F6FBB7F62A81}.Debug|iPhoneSimulator.ActiveCfg = Debug|Any CPU
		{2EDCC849-4EDE-45AD-8435-F6FBB7F62A81}.Debug|iPhoneSimulator.Build.0 = Debug|Any CPU
		{2EDCC849-4EDE-45AD-8435-F6FBB7F62A81}.Debug|x64.ActiveCfg = Debug|Any CPU
		{2EDCC849-4EDE-45AD-8435-F6FBB7F62A81}.Debug|x64.Build.0 = Debug|Any CPU
		{2EDCC849-4EDE-45AD-8435-F6FBB7F62A81}.Debug|x86.ActiveCfg = Debug|Any CPU
		{2EDCC849-4EDE-45AD-8435-F6FBB7F62A81}.Debug|x86.Build.0 = Debug|Any CPU
		{2EDCC849-4EDE-45AD-8435-F6FBB7F62A81}.Release|Any CPU.ActiveCfg = Release|Any CPU
		{2EDCC849-4EDE-45AD-8435-F6FBB7F62A81}.Release|Any CPU.Build.0 = Release|Any CPU
		{2EDCC849-4EDE-45AD-8435-F6FBB7F62A81}.Release|ARM.ActiveCfg = Release|Any CPU
		{2EDCC849-4EDE-45AD-8435-F6FBB7F62A81}.Release|ARM.Build.0 = Release|Any CPU
		{2EDCC849-4EDE-45AD-8435-F6FBB7F62A81}.Release|iPhone.ActiveCfg = Release|Any CPU
		{2EDCC849-4EDE-45AD-8435-F6FBB7F62A81}.Release|iPhone.Build.0 = Release|Any CPU
		{2EDCC849-4EDE-45AD-8435-F6FBB7F62A81}.Release|iPhoneSimulator.ActiveCfg = Release|Any CPU
		{2EDCC849-4EDE-45AD-8435-F6FBB7F62A81}.Release|iPhoneSimulator.Build.0 = Release|Any CPU
		{2EDCC849-4EDE-45AD-8435-F6FBB7F62A81}.Release|x64.ActiveCfg = Release|Any CPU
		{2EDCC849-4EDE-45AD-8435-F6FBB7F62A81}.Release|x64.Build.0 = Release|Any CPU
		{2EDCC849-4EDE-45AD-8435-F6FBB7F62A81}.Release|x86.ActiveCfg = Release|Any CPU
		{2EDCC849-4EDE-45AD-8435-F6FBB7F62A81}.Release|x86.Build.0 = Release|Any CPU
		{26667058-C7DF-4220-9D13-2B5147124B86}.Debug|Any CPU.ActiveCfg = Debug|Any CPU
		{26667058-C7DF-4220-9D13-2B5147124B86}.Debug|Any CPU.Build.0 = Debug|Any CPU
		{26667058-C7DF-4220-9D13-2B5147124B86}.Debug|ARM.ActiveCfg = Debug|Any CPU
		{26667058-C7DF-4220-9D13-2B5147124B86}.Debug|ARM.Build.0 = Debug|Any CPU
		{26667058-C7DF-4220-9D13-2B5147124B86}.Debug|iPhone.ActiveCfg = Debug|Any CPU
		{26667058-C7DF-4220-9D13-2B5147124B86}.Debug|iPhone.Build.0 = Debug|Any CPU
		{26667058-C7DF-4220-9D13-2B5147124B86}.Debug|iPhoneSimulator.ActiveCfg = Debug|Any CPU
		{26667058-C7DF-4220-9D13-2B5147124B86}.Debug|iPhoneSimulator.Build.0 = Debug|Any CPU
		{26667058-C7DF-4220-9D13-2B5147124B86}.Debug|x64.ActiveCfg = Debug|Any CPU
		{26667058-C7DF-4220-9D13-2B5147124B86}.Debug|x64.Build.0 = Debug|Any CPU
		{26667058-C7DF-4220-9D13-2B5147124B86}.Debug|x86.ActiveCfg = Debug|Any CPU
		{26667058-C7DF-4220-9D13-2B5147124B86}.Debug|x86.Build.0 = Debug|Any CPU
		{26667058-C7DF-4220-9D13-2B5147124B86}.Release|Any CPU.ActiveCfg = Release|Any CPU
		{26667058-C7DF-4220-9D13-2B5147124B86}.Release|Any CPU.Build.0 = Release|Any CPU
		{26667058-C7DF-4220-9D13-2B5147124B86}.Release|ARM.ActiveCfg = Release|Any CPU
		{26667058-C7DF-4220-9D13-2B5147124B86}.Release|ARM.Build.0 = Release|Any CPU
		{26667058-C7DF-4220-9D13-2B5147124B86}.Release|iPhone.ActiveCfg = Release|Any CPU
		{26667058-C7DF-4220-9D13-2B5147124B86}.Release|iPhone.Build.0 = Release|Any CPU
		{26667058-C7DF-4220-9D13-2B5147124B86}.Release|iPhoneSimulator.ActiveCfg = Release|Any CPU
		{26667058-C7DF-4220-9D13-2B5147124B86}.Release|iPhoneSimulator.Build.0 = Release|Any CPU
		{26667058-C7DF-4220-9D13-2B5147124B86}.Release|x64.ActiveCfg = Release|Any CPU
		{26667058-C7DF-4220-9D13-2B5147124B86}.Release|x64.Build.0 = Release|Any CPU
		{26667058-C7DF-4220-9D13-2B5147124B86}.Release|x86.ActiveCfg = Release|Any CPU
		{26667058-C7DF-4220-9D13-2B5147124B86}.Release|x86.Build.0 = Release|Any CPU
		{79785B31-F9C9-4D28-8EEC-B5A83DE36030}.Debug|Any CPU.ActiveCfg = Debug|Any CPU
		{79785B31-F9C9-4D28-8EEC-B5A83DE36030}.Debug|Any CPU.Build.0 = Debug|Any CPU
		{79785B31-F9C9-4D28-8EEC-B5A83DE36030}.Debug|ARM.ActiveCfg = Debug|Any CPU
		{79785B31-F9C9-4D28-8EEC-B5A83DE36030}.Debug|ARM.Build.0 = Debug|Any CPU
		{79785B31-F9C9-4D28-8EEC-B5A83DE36030}.Debug|iPhone.ActiveCfg = Debug|Any CPU
		{79785B31-F9C9-4D28-8EEC-B5A83DE36030}.Debug|iPhone.Build.0 = Debug|Any CPU
		{79785B31-F9C9-4D28-8EEC-B5A83DE36030}.Debug|iPhoneSimulator.ActiveCfg = Debug|Any CPU
		{79785B31-F9C9-4D28-8EEC-B5A83DE36030}.Debug|iPhoneSimulator.Build.0 = Debug|Any CPU
		{79785B31-F9C9-4D28-8EEC-B5A83DE36030}.Debug|x64.ActiveCfg = Debug|Any CPU
		{79785B31-F9C9-4D28-8EEC-B5A83DE36030}.Debug|x64.Build.0 = Debug|Any CPU
		{79785B31-F9C9-4D28-8EEC-B5A83DE36030}.Debug|x86.ActiveCfg = Debug|Any CPU
		{79785B31-F9C9-4D28-8EEC-B5A83DE36030}.Debug|x86.Build.0 = Debug|Any CPU
		{79785B31-F9C9-4D28-8EEC-B5A83DE36030}.Release|Any CPU.ActiveCfg = Release|Any CPU
		{79785B31-F9C9-4D28-8EEC-B5A83DE36030}.Release|Any CPU.Build.0 = Release|Any CPU
		{79785B31-F9C9-4D28-8EEC-B5A83DE36030}.Release|ARM.ActiveCfg = Release|Any CPU
		{79785B31-F9C9-4D28-8EEC-B5A83DE36030}.Release|ARM.Build.0 = Release|Any CPU
		{79785B31-F9C9-4D28-8EEC-B5A83DE36030}.Release|iPhone.ActiveCfg = Release|Any CPU
		{79785B31-F9C9-4D28-8EEC-B5A83DE36030}.Release|iPhone.Build.0 = Release|Any CPU
		{79785B31-F9C9-4D28-8EEC-B5A83DE36030}.Release|iPhoneSimulator.ActiveCfg = Release|Any CPU
		{79785B31-F9C9-4D28-8EEC-B5A83DE36030}.Release|iPhoneSimulator.Build.0 = Release|Any CPU
		{79785B31-F9C9-4D28-8EEC-B5A83DE36030}.Release|x64.ActiveCfg = Release|Any CPU
		{79785B31-F9C9-4D28-8EEC-B5A83DE36030}.Release|x64.Build.0 = Release|Any CPU
		{79785B31-F9C9-4D28-8EEC-B5A83DE36030}.Release|x86.ActiveCfg = Release|Any CPU
		{79785B31-F9C9-4D28-8EEC-B5A83DE36030}.Release|x86.Build.0 = Release|Any CPU
		{D8371BF9-324C-435C-AB05-56136933FA6D}.Debug|Any CPU.ActiveCfg = Debug|iPhoneSimulator
		{D8371BF9-324C-435C-AB05-56136933FA6D}.Debug|Any CPU.Build.0 = Debug|iPhoneSimulator
		{D8371BF9-324C-435C-AB05-56136933FA6D}.Debug|ARM.ActiveCfg = Debug|iPhone
		{D8371BF9-324C-435C-AB05-56136933FA6D}.Debug|iPhone.ActiveCfg = Debug|iPhone
		{D8371BF9-324C-435C-AB05-56136933FA6D}.Debug|iPhone.Build.0 = Debug|iPhone
		{D8371BF9-324C-435C-AB05-56136933FA6D}.Debug|iPhoneSimulator.ActiveCfg = Debug|iPhoneSimulator
		{D8371BF9-324C-435C-AB05-56136933FA6D}.Debug|iPhoneSimulator.Build.0 = Debug|iPhoneSimulator
		{D8371BF9-324C-435C-AB05-56136933FA6D}.Debug|x64.ActiveCfg = Debug|iPhone
		{D8371BF9-324C-435C-AB05-56136933FA6D}.Debug|x86.ActiveCfg = Debug|iPhone
		{D8371BF9-324C-435C-AB05-56136933FA6D}.Release|Any CPU.ActiveCfg = Release|iPhone
		{D8371BF9-324C-435C-AB05-56136933FA6D}.Release|Any CPU.Build.0 = Release|iPhone
		{D8371BF9-324C-435C-AB05-56136933FA6D}.Release|ARM.ActiveCfg = Release|iPhoneSimulator
		{D8371BF9-324C-435C-AB05-56136933FA6D}.Release|iPhone.ActiveCfg = Release|iPhone
		{D8371BF9-324C-435C-AB05-56136933FA6D}.Release|iPhone.Build.0 = Release|iPhone
		{D8371BF9-324C-435C-AB05-56136933FA6D}.Release|iPhoneSimulator.ActiveCfg = Release|iPhoneSimulator
		{D8371BF9-324C-435C-AB05-56136933FA6D}.Release|iPhoneSimulator.Build.0 = Release|iPhoneSimulator
		{D8371BF9-324C-435C-AB05-56136933FA6D}.Release|x64.ActiveCfg = Release|iPhoneSimulator
		{D8371BF9-324C-435C-AB05-56136933FA6D}.Release|x86.ActiveCfg = Release|iPhoneSimulator
		{308B5C55-1A54-49FD-96A1-C8E540F79905}.Debug|Any CPU.ActiveCfg = Debug|Any CPU
		{308B5C55-1A54-49FD-96A1-C8E540F79905}.Debug|Any CPU.Build.0 = Debug|Any CPU
		{308B5C55-1A54-49FD-96A1-C8E540F79905}.Debug|ARM.ActiveCfg = Debug|Any CPU
		{308B5C55-1A54-49FD-96A1-C8E540F79905}.Debug|iPhone.ActiveCfg = Debug|Any CPU
		{308B5C55-1A54-49FD-96A1-C8E540F79905}.Debug|iPhone.Build.0 = Debug|Any CPU
		{308B5C55-1A54-49FD-96A1-C8E540F79905}.Debug|iPhoneSimulator.ActiveCfg = Debug|Any CPU
		{308B5C55-1A54-49FD-96A1-C8E540F79905}.Debug|iPhoneSimulator.Build.0 = Debug|Any CPU
		{308B5C55-1A54-49FD-96A1-C8E540F79905}.Debug|x64.ActiveCfg = Debug|Any CPU
		{308B5C55-1A54-49FD-96A1-C8E540F79905}.Debug|x86.ActiveCfg = Debug|Any CPU
		{308B5C55-1A54-49FD-96A1-C8E540F79905}.Release|Any CPU.ActiveCfg = Release|Any CPU
		{308B5C55-1A54-49FD-96A1-C8E540F79905}.Release|Any CPU.Build.0 = Release|Any CPU
		{308B5C55-1A54-49FD-96A1-C8E540F79905}.Release|ARM.ActiveCfg = Release|Any CPU
		{308B5C55-1A54-49FD-96A1-C8E540F79905}.Release|iPhone.ActiveCfg = Release|Any CPU
		{308B5C55-1A54-49FD-96A1-C8E540F79905}.Release|iPhone.Build.0 = Release|Any CPU
		{308B5C55-1A54-49FD-96A1-C8E540F79905}.Release|iPhoneSimulator.ActiveCfg = Release|Any CPU
		{308B5C55-1A54-49FD-96A1-C8E540F79905}.Release|iPhoneSimulator.Build.0 = Release|Any CPU
		{308B5C55-1A54-49FD-96A1-C8E540F79905}.Release|x64.ActiveCfg = Release|Any CPU
		{308B5C55-1A54-49FD-96A1-C8E540F79905}.Release|x86.ActiveCfg = Release|Any CPU
		{54EB8841-593D-4020-94B6-9C444025B619}.Debug|Any CPU.ActiveCfg = Debug|iPhoneSimulator
		{54EB8841-593D-4020-94B6-9C444025B619}.Debug|Any CPU.Build.0 = Debug|iPhoneSimulator
		{54EB8841-593D-4020-94B6-9C444025B619}.Debug|ARM.ActiveCfg = Debug|iPhone
		{54EB8841-593D-4020-94B6-9C444025B619}.Debug|iPhone.ActiveCfg = Debug|iPhone
		{54EB8841-593D-4020-94B6-9C444025B619}.Debug|iPhone.Build.0 = Debug|iPhone
		{54EB8841-593D-4020-94B6-9C444025B619}.Debug|iPhoneSimulator.ActiveCfg = Debug|iPhoneSimulator
		{54EB8841-593D-4020-94B6-9C444025B619}.Debug|iPhoneSimulator.Build.0 = Debug|iPhoneSimulator
		{54EB8841-593D-4020-94B6-9C444025B619}.Debug|x64.ActiveCfg = Debug|iPhone
		{54EB8841-593D-4020-94B6-9C444025B619}.Debug|x86.ActiveCfg = Debug|iPhone
		{54EB8841-593D-4020-94B6-9C444025B619}.Release|Any CPU.ActiveCfg = Release|iPhone
		{54EB8841-593D-4020-94B6-9C444025B619}.Release|Any CPU.Build.0 = Release|iPhone
		{54EB8841-593D-4020-94B6-9C444025B619}.Release|ARM.ActiveCfg = Release|iPhoneSimulator
		{54EB8841-593D-4020-94B6-9C444025B619}.Release|iPhone.ActiveCfg = Release|iPhone
		{54EB8841-593D-4020-94B6-9C444025B619}.Release|iPhone.Build.0 = Release|iPhone
		{54EB8841-593D-4020-94B6-9C444025B619}.Release|iPhoneSimulator.ActiveCfg = Release|iPhoneSimulator
		{54EB8841-593D-4020-94B6-9C444025B619}.Release|iPhoneSimulator.Build.0 = Release|iPhoneSimulator
		{54EB8841-593D-4020-94B6-9C444025B619}.Release|x64.ActiveCfg = Release|iPhoneSimulator
		{54EB8841-593D-4020-94B6-9C444025B619}.Release|x86.ActiveCfg = Release|iPhoneSimulator
		{DADD64F5-D9C0-4147-9BB7-15AF83F43311}.Debug|Any CPU.ActiveCfg = Debug|iPhoneSimulator
		{DADD64F5-D9C0-4147-9BB7-15AF83F43311}.Debug|Any CPU.Build.0 = Debug|iPhoneSimulator
		{DADD64F5-D9C0-4147-9BB7-15AF83F43311}.Debug|ARM.ActiveCfg = Debug|iPhone
		{DADD64F5-D9C0-4147-9BB7-15AF83F43311}.Debug|iPhone.ActiveCfg = Debug|iPhone
		{DADD64F5-D9C0-4147-9BB7-15AF83F43311}.Debug|iPhone.Build.0 = Debug|iPhone
		{DADD64F5-D9C0-4147-9BB7-15AF83F43311}.Debug|iPhoneSimulator.ActiveCfg = Debug|iPhoneSimulator
		{DADD64F5-D9C0-4147-9BB7-15AF83F43311}.Debug|iPhoneSimulator.Build.0 = Debug|iPhoneSimulator
		{DADD64F5-D9C0-4147-9BB7-15AF83F43311}.Debug|x64.ActiveCfg = Debug|iPhone
		{DADD64F5-D9C0-4147-9BB7-15AF83F43311}.Debug|x86.ActiveCfg = Debug|iPhone
		{DADD64F5-D9C0-4147-9BB7-15AF83F43311}.Release|Any CPU.ActiveCfg = Release|iPhone
		{DADD64F5-D9C0-4147-9BB7-15AF83F43311}.Release|Any CPU.Build.0 = Release|iPhone
		{DADD64F5-D9C0-4147-9BB7-15AF83F43311}.Release|ARM.ActiveCfg = Release|iPhoneSimulator
		{DADD64F5-D9C0-4147-9BB7-15AF83F43311}.Release|iPhone.ActiveCfg = Release|iPhone
		{DADD64F5-D9C0-4147-9BB7-15AF83F43311}.Release|iPhone.Build.0 = Release|iPhone
		{DADD64F5-D9C0-4147-9BB7-15AF83F43311}.Release|iPhoneSimulator.ActiveCfg = Release|iPhoneSimulator
		{DADD64F5-D9C0-4147-9BB7-15AF83F43311}.Release|iPhoneSimulator.Build.0 = Release|iPhoneSimulator
		{DADD64F5-D9C0-4147-9BB7-15AF83F43311}.Release|x64.ActiveCfg = Release|iPhoneSimulator
		{DADD64F5-D9C0-4147-9BB7-15AF83F43311}.Release|x86.ActiveCfg = Release|iPhoneSimulator
		{2AD852E6-1669-4782-BDCC-9308DD30AFB5}.Debug|Any CPU.ActiveCfg = Debug|Any CPU
		{2AD852E6-1669-4782-BDCC-9308DD30AFB5}.Debug|Any CPU.Build.0 = Debug|Any CPU
		{2AD852E6-1669-4782-BDCC-9308DD30AFB5}.Debug|ARM.ActiveCfg = Debug|Any CPU
		{2AD852E6-1669-4782-BDCC-9308DD30AFB5}.Debug|iPhone.ActiveCfg = Debug|Any CPU
		{2AD852E6-1669-4782-BDCC-9308DD30AFB5}.Debug|iPhone.Build.0 = Debug|Any CPU
		{2AD852E6-1669-4782-BDCC-9308DD30AFB5}.Debug|iPhoneSimulator.ActiveCfg = Debug|Any CPU
		{2AD852E6-1669-4782-BDCC-9308DD30AFB5}.Debug|iPhoneSimulator.Build.0 = Debug|Any CPU
		{2AD852E6-1669-4782-BDCC-9308DD30AFB5}.Debug|x64.ActiveCfg = Debug|Any CPU
		{2AD852E6-1669-4782-BDCC-9308DD30AFB5}.Debug|x86.ActiveCfg = Debug|Any CPU
		{2AD852E6-1669-4782-BDCC-9308DD30AFB5}.Release|Any CPU.ActiveCfg = Release|Any CPU
		{2AD852E6-1669-4782-BDCC-9308DD30AFB5}.Release|Any CPU.Build.0 = Release|Any CPU
		{2AD852E6-1669-4782-BDCC-9308DD30AFB5}.Release|ARM.ActiveCfg = Release|Any CPU
		{2AD852E6-1669-4782-BDCC-9308DD30AFB5}.Release|iPhone.ActiveCfg = Release|Any CPU
		{2AD852E6-1669-4782-BDCC-9308DD30AFB5}.Release|iPhone.Build.0 = Release|Any CPU
		{2AD852E6-1669-4782-BDCC-9308DD30AFB5}.Release|iPhoneSimulator.ActiveCfg = Release|Any CPU
		{2AD852E6-1669-4782-BDCC-9308DD30AFB5}.Release|iPhoneSimulator.Build.0 = Release|Any CPU
		{2AD852E6-1669-4782-BDCC-9308DD30AFB5}.Release|x64.ActiveCfg = Release|Any CPU
		{2AD852E6-1669-4782-BDCC-9308DD30AFB5}.Release|x86.ActiveCfg = Release|Any CPU
		{EF201858-AC2D-4F68-A5E0-E9CDE75DCCA3}.Debug|Any CPU.ActiveCfg = Debug|x86
		{EF201858-AC2D-4F68-A5E0-E9CDE75DCCA3}.Debug|ARM.ActiveCfg = Debug|ARM
		{EF201858-AC2D-4F68-A5E0-E9CDE75DCCA3}.Debug|ARM.Build.0 = Debug|ARM
		{EF201858-AC2D-4F68-A5E0-E9CDE75DCCA3}.Debug|ARM.Deploy.0 = Debug|ARM
		{EF201858-AC2D-4F68-A5E0-E9CDE75DCCA3}.Debug|iPhone.ActiveCfg = Debug|x86
		{EF201858-AC2D-4F68-A5E0-E9CDE75DCCA3}.Debug|iPhoneSimulator.ActiveCfg = Debug|x86
		{EF201858-AC2D-4F68-A5E0-E9CDE75DCCA3}.Debug|x64.ActiveCfg = Debug|x64
		{EF201858-AC2D-4F68-A5E0-E9CDE75DCCA3}.Debug|x64.Build.0 = Debug|x64
		{EF201858-AC2D-4F68-A5E0-E9CDE75DCCA3}.Debug|x64.Deploy.0 = Debug|x64
		{EF201858-AC2D-4F68-A5E0-E9CDE75DCCA3}.Debug|x86.ActiveCfg = Debug|x86
		{EF201858-AC2D-4F68-A5E0-E9CDE75DCCA3}.Debug|x86.Build.0 = Debug|x86
		{EF201858-AC2D-4F68-A5E0-E9CDE75DCCA3}.Debug|x86.Deploy.0 = Debug|x86
		{EF201858-AC2D-4F68-A5E0-E9CDE75DCCA3}.Release|Any CPU.ActiveCfg = Release|x86
		{EF201858-AC2D-4F68-A5E0-E9CDE75DCCA3}.Release|ARM.ActiveCfg = Release|ARM
		{EF201858-AC2D-4F68-A5E0-E9CDE75DCCA3}.Release|ARM.Build.0 = Release|ARM
		{EF201858-AC2D-4F68-A5E0-E9CDE75DCCA3}.Release|ARM.Deploy.0 = Release|ARM
		{EF201858-AC2D-4F68-A5E0-E9CDE75DCCA3}.Release|iPhone.ActiveCfg = Release|x86
		{EF201858-AC2D-4F68-A5E0-E9CDE75DCCA3}.Release|iPhoneSimulator.ActiveCfg = Release|x86
		{EF201858-AC2D-4F68-A5E0-E9CDE75DCCA3}.Release|x64.ActiveCfg = Release|x64
		{EF201858-AC2D-4F68-A5E0-E9CDE75DCCA3}.Release|x64.Build.0 = Release|x64
		{EF201858-AC2D-4F68-A5E0-E9CDE75DCCA3}.Release|x64.Deploy.0 = Release|x64
		{EF201858-AC2D-4F68-A5E0-E9CDE75DCCA3}.Release|x86.ActiveCfg = Release|x86
		{EF201858-AC2D-4F68-A5E0-E9CDE75DCCA3}.Release|x86.Build.0 = Release|x86
		{EF201858-AC2D-4F68-A5E0-E9CDE75DCCA3}.Release|x86.Deploy.0 = Release|x86
		{F68F9E23-B5F8-4588-A5D2-E0C4549B001E}.Debug|Any CPU.ActiveCfg = Debug|Any CPU
		{F68F9E23-B5F8-4588-A5D2-E0C4549B001E}.Debug|Any CPU.Build.0 = Debug|Any CPU
		{F68F9E23-B5F8-4588-A5D2-E0C4549B001E}.Debug|ARM.ActiveCfg = Debug|Any CPU
		{F68F9E23-B5F8-4588-A5D2-E0C4549B001E}.Debug|ARM.Build.0 = Debug|Any CPU
		{F68F9E23-B5F8-4588-A5D2-E0C4549B001E}.Debug|iPhone.ActiveCfg = Debug|Any CPU
		{F68F9E23-B5F8-4588-A5D2-E0C4549B001E}.Debug|iPhone.Build.0 = Debug|Any CPU
		{F68F9E23-B5F8-4588-A5D2-E0C4549B001E}.Debug|iPhoneSimulator.ActiveCfg = Debug|Any CPU
		{F68F9E23-B5F8-4588-A5D2-E0C4549B001E}.Debug|iPhoneSimulator.Build.0 = Debug|Any CPU
		{F68F9E23-B5F8-4588-A5D2-E0C4549B001E}.Debug|x64.ActiveCfg = Debug|Any CPU
		{F68F9E23-B5F8-4588-A5D2-E0C4549B001E}.Debug|x64.Build.0 = Debug|Any CPU
		{F68F9E23-B5F8-4588-A5D2-E0C4549B001E}.Debug|x86.ActiveCfg = Debug|Any CPU
		{F68F9E23-B5F8-4588-A5D2-E0C4549B001E}.Debug|x86.Build.0 = Debug|Any CPU
		{F68F9E23-B5F8-4588-A5D2-E0C4549B001E}.Release|Any CPU.ActiveCfg = Release|Any CPU
		{F68F9E23-B5F8-4588-A5D2-E0C4549B001E}.Release|Any CPU.Build.0 = Release|Any CPU
		{F68F9E23-B5F8-4588-A5D2-E0C4549B001E}.Release|ARM.ActiveCfg = Release|Any CPU
		{F68F9E23-B5F8-4588-A5D2-E0C4549B001E}.Release|ARM.Build.0 = Release|Any CPU
		{F68F9E23-B5F8-4588-A5D2-E0C4549B001E}.Release|iPhone.ActiveCfg = Release|Any CPU
		{F68F9E23-B5F8-4588-A5D2-E0C4549B001E}.Release|iPhone.Build.0 = Release|Any CPU
		{F68F9E23-B5F8-4588-A5D2-E0C4549B001E}.Release|iPhoneSimulator.ActiveCfg = Release|Any CPU
		{F68F9E23-B5F8-4588-A5D2-E0C4549B001E}.Release|iPhoneSimulator.Build.0 = Release|Any CPU
		{F68F9E23-B5F8-4588-A5D2-E0C4549B001E}.Release|x64.ActiveCfg = Release|Any CPU
		{F68F9E23-B5F8-4588-A5D2-E0C4549B001E}.Release|x64.Build.0 = Release|Any CPU
		{F68F9E23-B5F8-4588-A5D2-E0C4549B001E}.Release|x86.ActiveCfg = Release|Any CPU
		{F68F9E23-B5F8-4588-A5D2-E0C4549B001E}.Release|x86.Build.0 = Release|Any CPU
		{244D48B0-A1AB-4DD5-B807-443CF9618A2B}.Debug|Any CPU.ActiveCfg = Debug|Any CPU
		{244D48B0-A1AB-4DD5-B807-443CF9618A2B}.Debug|Any CPU.Build.0 = Debug|Any CPU
		{244D48B0-A1AB-4DD5-B807-443CF9618A2B}.Debug|ARM.ActiveCfg = Debug|Any CPU
		{244D48B0-A1AB-4DD5-B807-443CF9618A2B}.Debug|ARM.Build.0 = Debug|Any CPU
		{244D48B0-A1AB-4DD5-B807-443CF9618A2B}.Debug|iPhone.ActiveCfg = Debug|Any CPU
		{244D48B0-A1AB-4DD5-B807-443CF9618A2B}.Debug|iPhone.Build.0 = Debug|Any CPU
		{244D48B0-A1AB-4DD5-B807-443CF9618A2B}.Debug|iPhoneSimulator.ActiveCfg = Debug|Any CPU
		{244D48B0-A1AB-4DD5-B807-443CF9618A2B}.Debug|iPhoneSimulator.Build.0 = Debug|Any CPU
		{244D48B0-A1AB-4DD5-B807-443CF9618A2B}.Debug|x64.ActiveCfg = Debug|Any CPU
		{244D48B0-A1AB-4DD5-B807-443CF9618A2B}.Debug|x64.Build.0 = Debug|Any CPU
		{244D48B0-A1AB-4DD5-B807-443CF9618A2B}.Debug|x86.ActiveCfg = Debug|Any CPU
		{244D48B0-A1AB-4DD5-B807-443CF9618A2B}.Debug|x86.Build.0 = Debug|Any CPU
		{244D48B0-A1AB-4DD5-B807-443CF9618A2B}.Release|Any CPU.ActiveCfg = Release|Any CPU
		{244D48B0-A1AB-4DD5-B807-443CF9618A2B}.Release|Any CPU.Build.0 = Release|Any CPU
		{244D48B0-A1AB-4DD5-B807-443CF9618A2B}.Release|ARM.ActiveCfg = Release|Any CPU
		{244D48B0-A1AB-4DD5-B807-443CF9618A2B}.Release|ARM.Build.0 = Release|Any CPU
		{244D48B0-A1AB-4DD5-B807-443CF9618A2B}.Release|iPhone.ActiveCfg = Release|Any CPU
		{244D48B0-A1AB-4DD5-B807-443CF9618A2B}.Release|iPhone.Build.0 = Release|Any CPU
		{244D48B0-A1AB-4DD5-B807-443CF9618A2B}.Release|iPhoneSimulator.ActiveCfg = Release|Any CPU
		{244D48B0-A1AB-4DD5-B807-443CF9618A2B}.Release|iPhoneSimulator.Build.0 = Release|Any CPU
		{244D48B0-A1AB-4DD5-B807-443CF9618A2B}.Release|x64.ActiveCfg = Release|Any CPU
		{244D48B0-A1AB-4DD5-B807-443CF9618A2B}.Release|x64.Build.0 = Release|Any CPU
		{244D48B0-A1AB-4DD5-B807-443CF9618A2B}.Release|x86.ActiveCfg = Release|Any CPU
		{244D48B0-A1AB-4DD5-B807-443CF9618A2B}.Release|x86.Build.0 = Release|Any CPU
	EndGlobalSection
	GlobalSection(SolutionProperties) = preSolution
		HideSolutionNode = FALSE
	EndGlobalSection
	GlobalSection(ExtensibilityGlobals) = postSolution
		SolutionGuid = {A9F48C08-73B1-4942-BA17-CFB7956A2F05}
	EndGlobalSection
	GlobalSection(NestedProjects) = preSolution
		{79785B31-F9C9-4D28-8EEC-B5A83DE36030} = {9E136313-2C58-448E-91EE-405E44334C81}
		{2AD852E6-1669-4782-BDCC-9308DD30AFB5} = {9E136313-2C58-448E-91EE-405E44334C81}
		{7983815C-A142-49A3-B299-7453830036D2} = {9E136313-2C58-448E-91EE-405E44334C81}
		{308B5C55-1A54-49FD-96A1-C8E540F79905} = {9E136313-2C58-448E-91EE-405E44334C81}
		{D8371BF9-324C-435C-AB05-56136933FA6D} = {9E136313-2C58-448E-91EE-405E44334C81}
		{54EB8841-593D-4020-94B6-9C444025B619} = {9E136313-2C58-448E-91EE-405E44334C81}
		{DADD64F5-D9C0-4147-9BB7-15AF83F43311} = {9E136313-2C58-448E-91EE-405E44334C81}
		{EF201858-AC2D-4F68-A5E0-E9CDE75DCCA3} = {9E136313-2C58-448E-91EE-405E44334C81}
		{5869EF30-F697-47BF-AFE8-BA87B6A4C6D9} = {6578B392-6C45-4229-947D-56D2C93DA77B}
		{A876D6C7-3C53-417C-AF03-93F0ABAE832C} = {6578B392-6C45-4229-947D-56D2C93DA77B}
		{18811C16-7A86-4B14-B662-A9EB2E188C87} = {B6EF841A-8937-4732-8891-82E3816F421F}
		{56258FD2-15E3-44FF-B64E-545560CB6F88} = {B6EF841A-8937-4732-8891-82E3816F421F}
		{26667058-C7DF-4220-9D13-2B5147124B86} = {6578B392-6C45-4229-947D-56D2C93DA77B}
		{F68F9E23-B5F8-4588-A5D2-E0C4549B001E} = {5C81D99D-2FC2-484B-AD94-87347909FC33}
		{244D48B0-A1AB-4DD5-B807-443CF9618A2B} = {5C81D99D-2FC2-484B-AD94-87347909FC33}
		{2EDCC849-4EDE-45AD-8435-F6FBB7F62A81} = {24FFDED7-DE03-48F5-9DE5-BE378CFC33CF}
		{82C3B5C2-463F-4A32-946A-D71B5C0D577E} = {24FFDED7-DE03-48F5-9DE5-BE378CFC33CF}
	EndGlobalSection
EndGlobal
